// !$*UTF8*$!
{
	archiveVersion = 1;
	classes = {
	};
	objectVersion = 48;
	objects = {

/* Begin PBXBuildFile section */
		5A432C132158D5F100928592 /* MCParsedAudioData.m in Sources */ = {isa = PBXBuildFile; fileRef = 5A432C122158D5F100928592 /* MCParsedAudioData.m */; };
		5ACC4D612158B45300B48C65 /* MCAudioSession.m in Sources */ = {isa = PBXBuildFile; fileRef = 5ACC4D602158B45300B48C65 /* MCAudioSession.m */; };
		B67C3484205121F40044DFF1 /* TestMovie.m in Sources */ = {isa = PBXBuildFile; fileRef = B67C3483205121F40044DFF1 /* TestMovie.m */; };
		B68320B420467D1200997396 /* timg.jpeg in Resources */ = {isa = PBXBuildFile; fileRef = B68320B020467D1200997396 /* timg.jpeg */; };
		B68320B520467D1200997396 /* testImage.png in Resources */ = {isa = PBXBuildFile; fileRef = B68320B120467D1200997396 /* testImage.png */; };
		B68320B620467D1200997396 /* TextureOneVertexShader.glsl in Resources */ = {isa = PBXBuildFile; fileRef = B68320B220467D1200997396 /* TextureOneVertexShader.glsl */; };
		B68320B720467D1200997396 /* TextureOneFragmentShader.glsl in Resources */ = {isa = PBXBuildFile; fileRef = B68320B320467D1200997396 /* TextureOneFragmentShader.glsl */; };
		B68320BA2046808E00997396 /* TextureOneViewController.m in Sources */ = {isa = PBXBuildFile; fileRef = B68320B92046808E00997396 /* TextureOneViewController.m */; };
		B68320BC2046915A00997396 /* 123.jpg in Resources */ = {isa = PBXBuildFile; fileRef = B68320BB2046915A00997396 /* 123.jpg */; };
		B686245C2044E64200FE7C9D /* AppDelegate.m in Sources */ = {isa = PBXBuildFile; fileRef = B686245B2044E64200FE7C9D /* AppDelegate.m */; };
		B686245F2044E64200FE7C9D /* VedioViewController.m in Sources */ = {isa = PBXBuildFile; fileRef = B686245E2044E64200FE7C9D /* VedioViewController.m */; };
		B68624622044E64200FE7C9D /* Main.storyboard in Resources */ = {isa = PBXBuildFile; fileRef = B68624602044E64200FE7C9D /* Main.storyboard */; };
		B68624642044E64200FE7C9D /* Assets.xcassets in Resources */ = {isa = PBXBuildFile; fileRef = B68624632044E64200FE7C9D /* Assets.xcassets */; };
		B68624672044E64200FE7C9D /* LaunchScreen.storyboard in Resources */ = {isa = PBXBuildFile; fileRef = B68624652044E64200FE7C9D /* LaunchScreen.storyboard */; };
		B686246A2044E64200FE7C9D /* main.m in Sources */ = {isa = PBXBuildFile; fileRef = B68624692044E64200FE7C9D /* main.m */; };
		B68624722044EB8500FE7C9D /* MediaView.m in Sources */ = {isa = PBXBuildFile; fileRef = B68624712044EB8500FE7C9D /* MediaView.m */; };
		B686247720452AC600FE7C9D /* MovieObject.m in Sources */ = {isa = PBXBuildFile; fileRef = B686247620452AC600FE7C9D /* MovieObject.m */; };
		B68624F620452C3D00FE7C9D /* libavcodec.a in Frameworks */ = {isa = PBXBuildFile; fileRef = B68624EF20452C3D00FE7C9D /* libavcodec.a */; };
		B68624F720452C3D00FE7C9D /* libavdevice.a in Frameworks */ = {isa = PBXBuildFile; fileRef = B68624F020452C3D00FE7C9D /* libavdevice.a */; };
		B68624F820452C3D00FE7C9D /* libavfilter.a in Frameworks */ = {isa = PBXBuildFile; fileRef = B68624F120452C3D00FE7C9D /* libavfilter.a */; };
		B68624F920452C3D00FE7C9D /* libavformat.a in Frameworks */ = {isa = PBXBuildFile; fileRef = B68624F220452C3D00FE7C9D /* libavformat.a */; };
		B68624FA20452C3D00FE7C9D /* libavutil.a in Frameworks */ = {isa = PBXBuildFile; fileRef = B68624F320452C3D00FE7C9D /* libavutil.a */; };
		B68624FB20452C3D00FE7C9D /* libswresample.a in Frameworks */ = {isa = PBXBuildFile; fileRef = B68624F420452C3D00FE7C9D /* libswresample.a */; };
		B68624FC20452C3D00FE7C9D /* libswscale.a in Frameworks */ = {isa = PBXBuildFile; fileRef = B68624F520452C3D00FE7C9D /* libswscale.a */; };
		B68624FF204549FD00FE7C9D /* AudioToolbox.framework in Frameworks */ = {isa = PBXBuildFile; fileRef = B68624FE204549FD00FE7C9D /* AudioToolbox.framework */; };
		B686250120454A0600FE7C9D /* AVFoundation.framework in Frameworks */ = {isa = PBXBuildFile; fileRef = B686250020454A0600FE7C9D /* AVFoundation.framework */; };
		B686250320454A0E00FE7C9D /* OpenGLES.framework in Frameworks */ = {isa = PBXBuildFile; fileRef = B686250220454A0E00FE7C9D /* OpenGLES.framework */; };
		B686250520454A1700FE7C9D /* CoreImage.framework in Frameworks */ = {isa = PBXBuildFile; fileRef = B686250420454A1700FE7C9D /* CoreImage.framework */; };
		B686250720454A1F00FE7C9D /* CoreGraphics.framework in Frameworks */ = {isa = PBXBuildFile; fileRef = B686250620454A1F00FE7C9D /* CoreGraphics.framework */; };
		B686250920454A2800FE7C9D /* CoreMedia.framework in Frameworks */ = {isa = PBXBuildFile; fileRef = B686250820454A2700FE7C9D /* CoreMedia.framework */; };
		B686250B20454A3400FE7C9D /* VideoToolbox.framework in Frameworks */ = {isa = PBXBuildFile; fileRef = B686250A20454A3400FE7C9D /* VideoToolbox.framework */; };
		B686250D20454A4200FE7C9D /* libz.tbd in Frameworks */ = {isa = PBXBuildFile; fileRef = B686250C20454A4200FE7C9D /* libz.tbd */; };
		B686250F20454A4D00FE7C9D /* libbz2.tbd in Frameworks */ = {isa = PBXBuildFile; fileRef = B686250E20454A4D00FE7C9D /* libbz2.tbd */; };
		B686251120454A5700FE7C9D /* libiconv.tbd in Frameworks */ = {isa = PBXBuildFile; fileRef = B686251020454A5700FE7C9D /* libiconv.tbd */; };
		B6B3EABF204FBA810050C67E /* TestOne.m in Sources */ = {isa = PBXBuildFile; fileRef = B6B3EABE204FBA810050C67E /* TestOne.m */; };
		B6B3EAC1204FBBDE0050C67E /* test.mp4 in Resources */ = {isa = PBXBuildFile; fileRef = B6B3EAC0204FBBDE0050C67E /* test.mp4 */; };
		B706F3EE21C23CCB00E8F0DF /* FFmpegDecoder.m in Sources */ = {isa = PBXBuildFile; fileRef = B706F3ED21C23CCB00E8F0DF /* FFmpegDecoder.m */; };
		B70B77EF218FE0C4005A5AC4 /* QQMusicCache-101786885-13-0.mp3 in Resources */ = {isa = PBXBuildFile; fileRef = B70B77EE218FE0C3005A5AC4 /* QQMusicCache-101786885-13-0.mp3 */; };
		B70B77F3218FE44A005A5AC4 /* MAAudioFileStream.m in Sources */ = {isa = PBXBuildFile; fileRef = B70B77F2218FE44A005A5AC4 /* MAAudioFileStream.m */; };
		B70B77F6219017BE005A5AC4 /* MAAudioViewController.m in Sources */ = {isa = PBXBuildFile; fileRef = B70B77F5219017BE005A5AC4 /* MAAudioViewController.m */; };
		B70B77F821901866005A5AC4 /* MAAudioViewController.xib in Resources */ = {isa = PBXBuildFile; fileRef = B70B77F721901866005A5AC4 /* MAAudioViewController.xib */; };
		B71503CD2195602700FCCAE7 /* MAAudioBuffer.m in Sources */ = {isa = PBXBuildFile; fileRef = B71503CC2195602700FCCAE7 /* MAAudioBuffer.m */; };
		B72CD6AB21AD2D8D00438F90 /* OpenglView.m in Sources */ = {isa = PBXBuildFile; fileRef = B72CD6AA21AD2D8D00438F90 /* OpenglView.m */; };
		B73A48C4214B8E4E006A8EF9 /* Decoder.m in Sources */ = {isa = PBXBuildFile; fileRef = B73A48C3214B8E4E006A8EF9 /* Decoder.m */; };
		B7540B9121D7499A00E1DD0A /* MAFrameBuffer.m in Sources */ = {isa = PBXBuildFile; fileRef = B7540B9021D7499A00E1DD0A /* MAFrameBuffer.m */; };
		B75F040721917B5400A5877F /* MAAudioOutputQueue.m in Sources */ = {isa = PBXBuildFile; fileRef = B75F040621917B5400A5877F /* MAAudioOutputQueue.m */; };
		B77004EF21CC87EA00651B86 /* VedioPlayerViewController.m in Sources */ = {isa = PBXBuildFile; fileRef = B77004EE21CC87EA00651B86 /* VedioPlayerViewController.m */; };
		B77004F321CC88CA00651B86 /* video.mp4 in Resources */ = {isa = PBXBuildFile; fileRef = B77004F121CC88CA00651B86 /* video.mp4 */; };
		B77004F421CC88CA00651B86 /* icon_btn_back.png in Resources */ = {isa = PBXBuildFile; fileRef = B77004F221CC88CA00651B86 /* icon_btn_back.png */; };
		B770F47921E5E6E800A65F73 /* MAPCMFrame.m in Sources */ = {isa = PBXBuildFile; fileRef = B770F47821E5E6E800A65F73 /* MAPCMFrame.m */; };
		B776AEE321D350F1002C6ED2 /* MAVedioPlayer.m in Sources */ = {isa = PBXBuildFile; fileRef = B776AEE221D350F1002C6ED2 /* MAVedioPlayer.m */; };
		B776AEE621D37556002C6ED2 /* MAPacket.m in Sources */ = {isa = PBXBuildFile; fileRef = B776AEE521D37556002C6ED2 /* MAPacket.m */; };
		B78163F021D5FB3200EDAC94 /* MAYUVFrame.m in Sources */ = {isa = PBXBuildFile; fileRef = B78163EF21D5FB3200EDAC94 /* MAYUVFrame.m */; };
		B78163F321D6011500EDAC94 /* MAOpenglView.m in Sources */ = {isa = PBXBuildFile; fileRef = B78163F221D6011500EDAC94 /* MAOpenglView.m */; };
		B79B9ABC21D4793400DDDF2D /* MAFrame.m in Sources */ = {isa = PBXBuildFile; fileRef = B79B9ABB21D4793400DDDF2D /* MAFrame.m */; };
		B79F3F4821D2006F00066098 /* MAVedioPlayerViewController.m in Sources */ = {isa = PBXBuildFile; fileRef = B79F3F4721D2006F00066098 /* MAVedioPlayerViewController.m */; };
		B7A4364021E89213007A81E4 /* MAOutPutFrame.m in Sources */ = {isa = PBXBuildFile; fileRef = B7A4363F21E89213007A81E4 /* MAOutPutFrame.m */; };
		B7B3118B21DDA05E0088C746 /* MADecodeOperation.m in Sources */ = {isa = PBXBuildFile; fileRef = B7B3118A21DDA05E0088C746 /* MADecodeOperation.m */; };
		B7BC4DEB21D0C67700812FB2 /* MADecoder.m in Sources */ = {isa = PBXBuildFile; fileRef = B7BC4DEA21D0C67700812FB2 /* MADecoder.m */; };
		B7CC2A9421636E4E00FEDD67 /* MCAudioFileStream.m in Sources */ = {isa = PBXBuildFile; fileRef = B7CC2A9321636E4E00FEDD67 /* MCAudioFileStream.m */; };
		B7CC2A972165F5B300FEDD67 /* MCAudioOutputQueue.m in Sources */ = {isa = PBXBuildFile; fileRef = B7CC2A962165F5B300FEDD67 /* MCAudioOutputQueue.m */; };
		B7CC2A9A2166420900FEDD67 /* MCAudioBuffer.m in Sources */ = {isa = PBXBuildFile; fileRef = B7CC2A992166420900FEDD67 /* MCAudioBuffer.m */; };
		B7CC2A9D2166525200FEDD67 /* NSTimer+BlocksSupport.m in Sources */ = {isa = PBXBuildFile; fileRef = B7CC2A9B2166525100FEDD67 /* NSTimer+BlocksSupport.m */; };
		B7CC2AA0216652AB00FEDD67 /* MCSimpleAudioPlayer.m in Sources */ = {isa = PBXBuildFile; fileRef = B7CC2A9F216652AB00FEDD67 /* MCSimpleAudioPlayer.m */; };
		B7D060EC21E3317D00D3E10E /* MATimer.m in Sources */ = {isa = PBXBuildFile; fileRef = B7D060EB21E3317D00D3E10E /* MATimer.m */; };
		B7D32AFF21605C5600E55325 /* MCAudioFile.m in Sources */ = {isa = PBXBuildFile; fileRef = B7D32AFE21605C5600E55325 /* MCAudioFile.m */; };
		B7D39943217324FA00AF3DA8 /* ViewController.m in Sources */ = {isa = PBXBuildFile; fileRef = B7D39942217324FA00AF3DA8 /* ViewController.m */; };
		B7D3994C21732D9500AF3DA8 /* AudioViewController.m in Sources */ = {isa = PBXBuildFile; fileRef = B7D3994A21732D9500AF3DA8 /* AudioViewController.m */; };
		B7D3994D21732D9500AF3DA8 /* AudioViewController.xib in Resources */ = {isa = PBXBuildFile; fileRef = B7D3994B21732D9500AF3DA8 /* AudioViewController.xib */; };
		B7D3994F21732F2200AF3DA8 /* MP3Sample.mp3 in Resources */ = {isa = PBXBuildFile; fileRef = B7D3994E21732F2200AF3DA8 /* MP3Sample.mp3 */; };
		B7E5B3BF21B128770008D018 /* OpenalPlayer.m in Sources */ = {isa = PBXBuildFile; fileRef = B7E5B3BE21B128770008D018 /* OpenalPlayer.m */; };
		B7E63E2021C7947C00F0C3C0 /* XPlayer.m in Sources */ = {isa = PBXBuildFile; fileRef = B7E63E1F21C7947C00F0C3C0 /* XPlayer.m */; };
		B7FBB5B721EC310800CAD766 /* MAOpenalPlayer.m in Sources */ = {isa = PBXBuildFile; fileRef = B7FBB5B621EC310800CAD766 /* MAOpenalPlayer.m */; };
/* End PBXBuildFile section */

/* Begin PBXFileReference section */
		5A432C112158D5F100928592 /* MCParsedAudioData.h */ = {isa = PBXFileReference; lastKnownFileType = sourcecode.c.h; path = MCParsedAudioData.h; sourceTree = "<group>"; };
		5A432C122158D5F100928592 /* MCParsedAudioData.m */ = {isa = PBXFileReference; lastKnownFileType = sourcecode.c.objc; path = MCParsedAudioData.m; sourceTree = "<group>"; };
		5ACC4D5F2158B45300B48C65 /* MCAudioSession.h */ = {isa = PBXFileReference; lastKnownFileType = sourcecode.c.h; path = MCAudioSession.h; sourceTree = "<group>"; };
		5ACC4D602158B45300B48C65 /* MCAudioSession.m */ = {isa = PBXFileReference; lastKnownFileType = sourcecode.c.objc; path = MCAudioSession.m; sourceTree = "<group>"; };
		B67C3482205121F40044DFF1 /* TestMovie.h */ = {isa = PBXFileReference; lastKnownFileType = sourcecode.c.h; path = TestMovie.h; sourceTree = "<group>"; };
		B67C3483205121F40044DFF1 /* TestMovie.m */ = {isa = PBXFileReference; lastKnownFileType = sourcecode.c.objc; path = TestMovie.m; sourceTree = "<group>"; };
		B68320B020467D1200997396 /* timg.jpeg */ = {isa = PBXFileReference; lastKnownFileType = image.jpeg; path = timg.jpeg; sourceTree = "<group>"; };
		B68320B120467D1200997396 /* testImage.png */ = {isa = PBXFileReference; lastKnownFileType = image.png; path = testImage.png; sourceTree = "<group>"; };
		B68320B220467D1200997396 /* TextureOneVertexShader.glsl */ = {isa = PBXFileReference; fileEncoding = 4; lastKnownFileType = text; path = TextureOneVertexShader.glsl; sourceTree = "<group>"; };
		B68320B320467D1200997396 /* TextureOneFragmentShader.glsl */ = {isa = PBXFileReference; fileEncoding = 4; lastKnownFileType = text; path = TextureOneFragmentShader.glsl; sourceTree = "<group>"; };
		B68320B82046808E00997396 /* TextureOneViewController.h */ = {isa = PBXFileReference; fileEncoding = 4; lastKnownFileType = sourcecode.c.h; path = TextureOneViewController.h; sourceTree = "<group>"; };
		B68320B92046808E00997396 /* TextureOneViewController.m */ = {isa = PBXFileReference; fileEncoding = 4; lastKnownFileType = sourcecode.c.objc; path = TextureOneViewController.m; sourceTree = "<group>"; };
		B68320BB2046915A00997396 /* 123.jpg */ = {isa = PBXFileReference; lastKnownFileType = image.jpeg; path = 123.jpg; sourceTree = "<group>"; };
		B68624572044E64200FE7C9D /* PlayerTest.app */ = {isa = PBXFileReference; explicitFileType = wrapper.application; includeInIndex = 0; path = PlayerTest.app; sourceTree = BUILT_PRODUCTS_DIR; };
		B686245A2044E64200FE7C9D /* AppDelegate.h */ = {isa = PBXFileReference; lastKnownFileType = sourcecode.c.h; path = AppDelegate.h; sourceTree = "<group>"; };
		B686245B2044E64200FE7C9D /* AppDelegate.m */ = {isa = PBXFileReference; lastKnownFileType = sourcecode.c.objc; path = AppDelegate.m; sourceTree = "<group>"; };
		B686245D2044E64200FE7C9D /* VedioViewController.h */ = {isa = PBXFileReference; lastKnownFileType = sourcecode.c.h; path = VedioViewController.h; sourceTree = "<group>"; };
		B686245E2044E64200FE7C9D /* VedioViewController.m */ = {isa = PBXFileReference; lastKnownFileType = sourcecode.c.objc; path = VedioViewController.m; sourceTree = "<group>"; };
		B68624612044E64200FE7C9D /* Base */ = {isa = PBXFileReference; lastKnownFileType = file.storyboard; name = Base; path = Base.lproj/Main.storyboard; sourceTree = "<group>"; };
		B68624632044E64200FE7C9D /* Assets.xcassets */ = {isa = PBXFileReference; lastKnownFileType = folder.assetcatalog; path = Assets.xcassets; sourceTree = "<group>"; };
		B68624662044E64200FE7C9D /* Base */ = {isa = PBXFileReference; lastKnownFileType = file.storyboard; name = Base; path = Base.lproj/LaunchScreen.storyboard; sourceTree = "<group>"; };
		B68624682044E64200FE7C9D /* Info.plist */ = {isa = PBXFileReference; lastKnownFileType = text.plist.xml; path = Info.plist; sourceTree = "<group>"; };
		B68624692044E64200FE7C9D /* main.m */ = {isa = PBXFileReference; lastKnownFileType = sourcecode.c.objc; path = main.m; sourceTree = "<group>"; };
		B68624702044EB8500FE7C9D /* MediaView.h */ = {isa = PBXFileReference; lastKnownFileType = sourcecode.c.h; path = MediaView.h; sourceTree = "<group>"; };
		B68624712044EB8500FE7C9D /* MediaView.m */ = {isa = PBXFileReference; lastKnownFileType = sourcecode.c.objc; path = MediaView.m; sourceTree = "<group>"; };
		B686247520452AC600FE7C9D /* MovieObject.h */ = {isa = PBXFileReference; lastKnownFileType = sourcecode.c.h; path = MovieObject.h; sourceTree = "<group>"; };
		B686247620452AC600FE7C9D /* MovieObject.m */ = {isa = PBXFileReference; lastKnownFileType = sourcecode.c.objc; path = MovieObject.m; sourceTree = "<group>"; };
		B686247B20452C3D00FE7C9D /* avcodec.h */ = {isa = PBXFileReference; fileEncoding = 4; lastKnownFileType = sourcecode.c.h; path = avcodec.h; sourceTree = "<group>"; };
		B686247C20452C3D00FE7C9D /* avdct.h */ = {isa = PBXFileReference; fileEncoding = 4; lastKnownFileType = sourcecode.c.h; path = avdct.h; sourceTree = "<group>"; };
		B686247D20452C3D00FE7C9D /* avfft.h */ = {isa = PBXFileReference; fileEncoding = 4; lastKnownFileType = sourcecode.c.h; path = avfft.h; sourceTree = "<group>"; };
		B686247E20452C3D00FE7C9D /* d3d11va.h */ = {isa = PBXFileReference; fileEncoding = 4; lastKnownFileType = sourcecode.c.h; path = d3d11va.h; sourceTree = "<group>"; };
		B686247F20452C3D00FE7C9D /* dirac.h */ = {isa = PBXFileReference; fileEncoding = 4; lastKnownFileType = sourcecode.c.h; path = dirac.h; sourceTree = "<group>"; };
		B686248020452C3D00FE7C9D /* dv_profile.h */ = {isa = PBXFileReference; fileEncoding = 4; lastKnownFileType = sourcecode.c.h; path = dv_profile.h; sourceTree = "<group>"; };
		B686248120452C3D00FE7C9D /* dxva2.h */ = {isa = PBXFileReference; fileEncoding = 4; lastKnownFileType = sourcecode.c.h; path = dxva2.h; sourceTree = "<group>"; };
		B686248220452C3D00FE7C9D /* jni.h */ = {isa = PBXFileReference; fileEncoding = 4; lastKnownFileType = sourcecode.c.h; path = jni.h; sourceTree = "<group>"; };
		B686248320452C3D00FE7C9D /* mediacodec.h */ = {isa = PBXFileReference; fileEncoding = 4; lastKnownFileType = sourcecode.c.h; path = mediacodec.h; sourceTree = "<group>"; };
		B686248420452C3D00FE7C9D /* qsv.h */ = {isa = PBXFileReference; fileEncoding = 4; lastKnownFileType = sourcecode.c.h; path = qsv.h; sourceTree = "<group>"; };
		B686248520452C3D00FE7C9D /* vaapi.h */ = {isa = PBXFileReference; fileEncoding = 4; lastKnownFileType = sourcecode.c.h; path = vaapi.h; sourceTree = "<group>"; };
		B686248620452C3D00FE7C9D /* vda.h */ = {isa = PBXFileReference; fileEncoding = 4; lastKnownFileType = sourcecode.c.h; path = vda.h; sourceTree = "<group>"; };
		B686248720452C3D00FE7C9D /* vdpau.h */ = {isa = PBXFileReference; fileEncoding = 4; lastKnownFileType = sourcecode.c.h; path = vdpau.h; sourceTree = "<group>"; };
		B686248820452C3D00FE7C9D /* version.h */ = {isa = PBXFileReference; fileEncoding = 4; lastKnownFileType = sourcecode.c.h; path = version.h; sourceTree = "<group>"; };
		B686248920452C3D00FE7C9D /* videotoolbox.h */ = {isa = PBXFileReference; fileEncoding = 4; lastKnownFileType = sourcecode.c.h; path = videotoolbox.h; sourceTree = "<group>"; };
		B686248A20452C3D00FE7C9D /* vorbis_parser.h */ = {isa = PBXFileReference; fileEncoding = 4; lastKnownFileType = sourcecode.c.h; path = vorbis_parser.h; sourceTree = "<group>"; };
		B686248B20452C3D00FE7C9D /* xvmc.h */ = {isa = PBXFileReference; fileEncoding = 4; lastKnownFileType = sourcecode.c.h; path = xvmc.h; sourceTree = "<group>"; };
		B686248D20452C3D00FE7C9D /* avdevice.h */ = {isa = PBXFileReference; fileEncoding = 4; lastKnownFileType = sourcecode.c.h; path = avdevice.h; sourceTree = "<group>"; };
		B686248E20452C3D00FE7C9D /* version.h */ = {isa = PBXFileReference; fileEncoding = 4; lastKnownFileType = sourcecode.c.h; path = version.h; sourceTree = "<group>"; };
		B686249020452C3D00FE7C9D /* avfilter.h */ = {isa = PBXFileReference; fileEncoding = 4; lastKnownFileType = sourcecode.c.h; path = avfilter.h; sourceTree = "<group>"; };
		B686249120452C3D00FE7C9D /* avfiltergraph.h */ = {isa = PBXFileReference; fileEncoding = 4; lastKnownFileType = sourcecode.c.h; path = avfiltergraph.h; sourceTree = "<group>"; };
		B686249220452C3D00FE7C9D /* buffersink.h */ = {isa = PBXFileReference; fileEncoding = 4; lastKnownFileType = sourcecode.c.h; path = buffersink.h; sourceTree = "<group>"; };
		B686249320452C3D00FE7C9D /* buffersrc.h */ = {isa = PBXFileReference; fileEncoding = 4; lastKnownFileType = sourcecode.c.h; path = buffersrc.h; sourceTree = "<group>"; };
		B686249420452C3D00FE7C9D /* version.h */ = {isa = PBXFileReference; fileEncoding = 4; lastKnownFileType = sourcecode.c.h; path = version.h; sourceTree = "<group>"; };
		B686249620452C3D00FE7C9D /* avformat.h */ = {isa = PBXFileReference; fileEncoding = 4; lastKnownFileType = sourcecode.c.h; path = avformat.h; sourceTree = "<group>"; };
		B686249720452C3D00FE7C9D /* avio.h */ = {isa = PBXFileReference; fileEncoding = 4; lastKnownFileType = sourcecode.c.h; path = avio.h; sourceTree = "<group>"; };
		B686249820452C3D00FE7C9D /* version.h */ = {isa = PBXFileReference; fileEncoding = 4; lastKnownFileType = sourcecode.c.h; path = version.h; sourceTree = "<group>"; };
		B686249A20452C3D00FE7C9D /* adler32.h */ = {isa = PBXFileReference; fileEncoding = 4; lastKnownFileType = sourcecode.c.h; path = adler32.h; sourceTree = "<group>"; };
		B686249B20452C3D00FE7C9D /* aes.h */ = {isa = PBXFileReference; fileEncoding = 4; lastKnownFileType = sourcecode.c.h; path = aes.h; sourceTree = "<group>"; };
		B686249C20452C3D00FE7C9D /* aes_ctr.h */ = {isa = PBXFileReference; fileEncoding = 4; lastKnownFileType = sourcecode.c.h; path = aes_ctr.h; sourceTree = "<group>"; };
		B686249D20452C3D00FE7C9D /* attributes.h */ = {isa = PBXFileReference; fileEncoding = 4; lastKnownFileType = sourcecode.c.h; path = attributes.h; sourceTree = "<group>"; };
		B686249E20452C3D00FE7C9D /* audio_fifo.h */ = {isa = PBXFileReference; fileEncoding = 4; lastKnownFileType = sourcecode.c.h; path = audio_fifo.h; sourceTree = "<group>"; };
		B686249F20452C3D00FE7C9D /* avassert.h */ = {isa = PBXFileReference; fileEncoding = 4; lastKnownFileType = sourcecode.c.h; path = avassert.h; sourceTree = "<group>"; };
		B68624A020452C3D00FE7C9D /* avconfig.h */ = {isa = PBXFileReference; fileEncoding = 4; lastKnownFileType = sourcecode.c.h; path = avconfig.h; sourceTree = "<group>"; };
		B68624A120452C3D00FE7C9D /* avstring.h */ = {isa = PBXFileReference; fileEncoding = 4; lastKnownFileType = sourcecode.c.h; path = avstring.h; sourceTree = "<group>"; };
		B68624A220452C3D00FE7C9D /* avutil.h */ = {isa = PBXFileReference; fileEncoding = 4; lastKnownFileType = sourcecode.c.h; path = avutil.h; sourceTree = "<group>"; };
		B68624A320452C3D00FE7C9D /* base64.h */ = {isa = PBXFileReference; fileEncoding = 4; lastKnownFileType = sourcecode.c.h; path = base64.h; sourceTree = "<group>"; };
		B68624A420452C3D00FE7C9D /* blowfish.h */ = {isa = PBXFileReference; fileEncoding = 4; lastKnownFileType = sourcecode.c.h; path = blowfish.h; sourceTree = "<group>"; };
		B68624A520452C3D00FE7C9D /* bprint.h */ = {isa = PBXFileReference; fileEncoding = 4; lastKnownFileType = sourcecode.c.h; path = bprint.h; sourceTree = "<group>"; };
		B68624A620452C3D00FE7C9D /* bswap.h */ = {isa = PBXFileReference; fileEncoding = 4; lastKnownFileType = sourcecode.c.h; path = bswap.h; sourceTree = "<group>"; };
		B68624A720452C3D00FE7C9D /* buffer.h */ = {isa = PBXFileReference; fileEncoding = 4; lastKnownFileType = sourcecode.c.h; path = buffer.h; sourceTree = "<group>"; };
		B68624A820452C3D00FE7C9D /* camellia.h */ = {isa = PBXFileReference; fileEncoding = 4; lastKnownFileType = sourcecode.c.h; path = camellia.h; sourceTree = "<group>"; };
		B68624A920452C3D00FE7C9D /* cast5.h */ = {isa = PBXFileReference; fileEncoding = 4; lastKnownFileType = sourcecode.c.h; path = cast5.h; sourceTree = "<group>"; };
		B68624AA20452C3D00FE7C9D /* channel_layout.h */ = {isa = PBXFileReference; fileEncoding = 4; lastKnownFileType = sourcecode.c.h; path = channel_layout.h; sourceTree = "<group>"; };
		B68624AB20452C3D00FE7C9D /* common.h */ = {isa = PBXFileReference; fileEncoding = 4; lastKnownFileType = sourcecode.c.h; path = common.h; sourceTree = "<group>"; };
		B68624AC20452C3D00FE7C9D /* cpu.h */ = {isa = PBXFileReference; fileEncoding = 4; lastKnownFileType = sourcecode.c.h; path = cpu.h; sourceTree = "<group>"; };
		B68624AD20452C3D00FE7C9D /* crc.h */ = {isa = PBXFileReference; fileEncoding = 4; lastKnownFileType = sourcecode.c.h; path = crc.h; sourceTree = "<group>"; };
		B68624AE20452C3D00FE7C9D /* des.h */ = {isa = PBXFileReference; fileEncoding = 4; lastKnownFileType = sourcecode.c.h; path = des.h; sourceTree = "<group>"; };
		B68624AF20452C3D00FE7C9D /* dict.h */ = {isa = PBXFileReference; fileEncoding = 4; lastKnownFileType = sourcecode.c.h; path = dict.h; sourceTree = "<group>"; };
		B68624B020452C3D00FE7C9D /* display.h */ = {isa = PBXFileReference; fileEncoding = 4; lastKnownFileType = sourcecode.c.h; path = display.h; sourceTree = "<group>"; };
		B68624B120452C3D00FE7C9D /* downmix_info.h */ = {isa = PBXFileReference; fileEncoding = 4; lastKnownFileType = sourcecode.c.h; path = downmix_info.h; sourceTree = "<group>"; };
		B68624B220452C3D00FE7C9D /* error.h */ = {isa = PBXFileReference; fileEncoding = 4; lastKnownFileType = sourcecode.c.h; path = error.h; sourceTree = "<group>"; };
		B68624B320452C3D00FE7C9D /* eval.h */ = {isa = PBXFileReference; fileEncoding = 4; lastKnownFileType = sourcecode.c.h; path = eval.h; sourceTree = "<group>"; };
		B68624B420452C3D00FE7C9D /* ffversion.h */ = {isa = PBXFileReference; fileEncoding = 4; lastKnownFileType = sourcecode.c.h; path = ffversion.h; sourceTree = "<group>"; };
		B68624B520452C3D00FE7C9D /* fifo.h */ = {isa = PBXFileReference; fileEncoding = 4; lastKnownFileType = sourcecode.c.h; path = fifo.h; sourceTree = "<group>"; };
		B68624B620452C3D00FE7C9D /* file.h */ = {isa = PBXFileReference; fileEncoding = 4; lastKnownFileType = sourcecode.c.h; path = file.h; sourceTree = "<group>"; };
		B68624B720452C3D00FE7C9D /* frame.h */ = {isa = PBXFileReference; fileEncoding = 4; lastKnownFileType = sourcecode.c.h; path = frame.h; sourceTree = "<group>"; };
		B68624B820452C3D00FE7C9D /* hash.h */ = {isa = PBXFileReference; fileEncoding = 4; lastKnownFileType = sourcecode.c.h; path = hash.h; sourceTree = "<group>"; };
		B68624B920452C3D00FE7C9D /* hmac.h */ = {isa = PBXFileReference; fileEncoding = 4; lastKnownFileType = sourcecode.c.h; path = hmac.h; sourceTree = "<group>"; };
		B68624BA20452C3D00FE7C9D /* hwcontext.h */ = {isa = PBXFileReference; fileEncoding = 4; lastKnownFileType = sourcecode.c.h; path = hwcontext.h; sourceTree = "<group>"; };
		B68624BB20452C3D00FE7C9D /* hwcontext_cuda.h */ = {isa = PBXFileReference; fileEncoding = 4; lastKnownFileType = sourcecode.c.h; path = hwcontext_cuda.h; sourceTree = "<group>"; };
		B68624BC20452C3D00FE7C9D /* hwcontext_d3d11va.h */ = {isa = PBXFileReference; fileEncoding = 4; lastKnownFileType = sourcecode.c.h; path = hwcontext_d3d11va.h; sourceTree = "<group>"; };
		B68624BD20452C3D00FE7C9D /* hwcontext_drm.h */ = {isa = PBXFileReference; fileEncoding = 4; lastKnownFileType = sourcecode.c.h; path = hwcontext_drm.h; sourceTree = "<group>"; };
		B68624BE20452C3D00FE7C9D /* hwcontext_dxva2.h */ = {isa = PBXFileReference; fileEncoding = 4; lastKnownFileType = sourcecode.c.h; path = hwcontext_dxva2.h; sourceTree = "<group>"; };
		B68624BF20452C3D00FE7C9D /* hwcontext_qsv.h */ = {isa = PBXFileReference; fileEncoding = 4; lastKnownFileType = sourcecode.c.h; path = hwcontext_qsv.h; sourceTree = "<group>"; };
		B68624C020452C3D00FE7C9D /* hwcontext_vaapi.h */ = {isa = PBXFileReference; fileEncoding = 4; lastKnownFileType = sourcecode.c.h; path = hwcontext_vaapi.h; sourceTree = "<group>"; };
		B68624C120452C3D00FE7C9D /* hwcontext_vdpau.h */ = {isa = PBXFileReference; fileEncoding = 4; lastKnownFileType = sourcecode.c.h; path = hwcontext_vdpau.h; sourceTree = "<group>"; };
		B68624C220452C3D00FE7C9D /* hwcontext_videotoolbox.h */ = {isa = PBXFileReference; fileEncoding = 4; lastKnownFileType = sourcecode.c.h; path = hwcontext_videotoolbox.h; sourceTree = "<group>"; };
		B68624C320452C3D00FE7C9D /* imgutils.h */ = {isa = PBXFileReference; fileEncoding = 4; lastKnownFileType = sourcecode.c.h; path = imgutils.h; sourceTree = "<group>"; };
		B68624C420452C3D00FE7C9D /* intfloat.h */ = {isa = PBXFileReference; fileEncoding = 4; lastKnownFileType = sourcecode.c.h; path = intfloat.h; sourceTree = "<group>"; };
		B68624C520452C3D00FE7C9D /* intreadwrite.h */ = {isa = PBXFileReference; fileEncoding = 4; lastKnownFileType = sourcecode.c.h; path = intreadwrite.h; sourceTree = "<group>"; };
		B68624C620452C3D00FE7C9D /* lfg.h */ = {isa = PBXFileReference; fileEncoding = 4; lastKnownFileType = sourcecode.c.h; path = lfg.h; sourceTree = "<group>"; };
		B68624C720452C3D00FE7C9D /* log.h */ = {isa = PBXFileReference; fileEncoding = 4; lastKnownFileType = sourcecode.c.h; path = log.h; sourceTree = "<group>"; };
		B68624C820452C3D00FE7C9D /* lzo.h */ = {isa = PBXFileReference; fileEncoding = 4; lastKnownFileType = sourcecode.c.h; path = lzo.h; sourceTree = "<group>"; };
		B68624C920452C3D00FE7C9D /* macros.h */ = {isa = PBXFileReference; fileEncoding = 4; lastKnownFileType = sourcecode.c.h; path = macros.h; sourceTree = "<group>"; };
		B68624CA20452C3D00FE7C9D /* mastering_display_metadata.h */ = {isa = PBXFileReference; fileEncoding = 4; lastKnownFileType = sourcecode.c.h; path = mastering_display_metadata.h; sourceTree = "<group>"; };
		B68624CB20452C3D00FE7C9D /* mathematics.h */ = {isa = PBXFileReference; fileEncoding = 4; lastKnownFileType = sourcecode.c.h; path = mathematics.h; sourceTree = "<group>"; };
		B68624CC20452C3D00FE7C9D /* md5.h */ = {isa = PBXFileReference; fileEncoding = 4; lastKnownFileType = sourcecode.c.h; path = md5.h; sourceTree = "<group>"; };
		B68624CD20452C3D00FE7C9D /* mem.h */ = {isa = PBXFileReference; fileEncoding = 4; lastKnownFileType = sourcecode.c.h; path = mem.h; sourceTree = "<group>"; };
		B68624CE20452C3D00FE7C9D /* motion_vector.h */ = {isa = PBXFileReference; fileEncoding = 4; lastKnownFileType = sourcecode.c.h; path = motion_vector.h; sourceTree = "<group>"; };
		B68624CF20452C3D00FE7C9D /* murmur3.h */ = {isa = PBXFileReference; fileEncoding = 4; lastKnownFileType = sourcecode.c.h; path = murmur3.h; sourceTree = "<group>"; };
		B68624D020452C3D00FE7C9D /* opt.h */ = {isa = PBXFileReference; fileEncoding = 4; lastKnownFileType = sourcecode.c.h; path = opt.h; sourceTree = "<group>"; };
		B68624D120452C3D00FE7C9D /* parseutils.h */ = {isa = PBXFileReference; fileEncoding = 4; lastKnownFileType = sourcecode.c.h; path = parseutils.h; sourceTree = "<group>"; };
		B68624D220452C3D00FE7C9D /* pixdesc.h */ = {isa = PBXFileReference; fileEncoding = 4; lastKnownFileType = sourcecode.c.h; path = pixdesc.h; sourceTree = "<group>"; };
		B68624D320452C3D00FE7C9D /* pixelutils.h */ = {isa = PBXFileReference; fileEncoding = 4; lastKnownFileType = sourcecode.c.h; path = pixelutils.h; sourceTree = "<group>"; };
		B68624D420452C3D00FE7C9D /* pixfmt.h */ = {isa = PBXFileReference; fileEncoding = 4; lastKnownFileType = sourcecode.c.h; path = pixfmt.h; sourceTree = "<group>"; };
		B68624D520452C3D00FE7C9D /* random_seed.h */ = {isa = PBXFileReference; fileEncoding = 4; lastKnownFileType = sourcecode.c.h; path = random_seed.h; sourceTree = "<group>"; };
		B68624D620452C3D00FE7C9D /* rational.h */ = {isa = PBXFileReference; fileEncoding = 4; lastKnownFileType = sourcecode.c.h; path = rational.h; sourceTree = "<group>"; };
		B68624D720452C3D00FE7C9D /* rc4.h */ = {isa = PBXFileReference; fileEncoding = 4; lastKnownFileType = sourcecode.c.h; path = rc4.h; sourceTree = "<group>"; };
		B68624D820452C3D00FE7C9D /* replaygain.h */ = {isa = PBXFileReference; fileEncoding = 4; lastKnownFileType = sourcecode.c.h; path = replaygain.h; sourceTree = "<group>"; };
		B68624D920452C3D00FE7C9D /* ripemd.h */ = {isa = PBXFileReference; fileEncoding = 4; lastKnownFileType = sourcecode.c.h; path = ripemd.h; sourceTree = "<group>"; };
		B68624DA20452C3D00FE7C9D /* samplefmt.h */ = {isa = PBXFileReference; fileEncoding = 4; lastKnownFileType = sourcecode.c.h; path = samplefmt.h; sourceTree = "<group>"; };
		B68624DB20452C3D00FE7C9D /* sha.h */ = {isa = PBXFileReference; fileEncoding = 4; lastKnownFileType = sourcecode.c.h; path = sha.h; sourceTree = "<group>"; };
		B68624DC20452C3D00FE7C9D /* sha512.h */ = {isa = PBXFileReference; fileEncoding = 4; lastKnownFileType = sourcecode.c.h; path = sha512.h; sourceTree = "<group>"; };
		B68624DD20452C3D00FE7C9D /* spherical.h */ = {isa = PBXFileReference; fileEncoding = 4; lastKnownFileType = sourcecode.c.h; path = spherical.h; sourceTree = "<group>"; };
		B68624DE20452C3D00FE7C9D /* stereo3d.h */ = {isa = PBXFileReference; fileEncoding = 4; lastKnownFileType = sourcecode.c.h; path = stereo3d.h; sourceTree = "<group>"; };
		B68624DF20452C3D00FE7C9D /* tea.h */ = {isa = PBXFileReference; fileEncoding = 4; lastKnownFileType = sourcecode.c.h; path = tea.h; sourceTree = "<group>"; };
		B68624E020452C3D00FE7C9D /* threadmessage.h */ = {isa = PBXFileReference; fileEncoding = 4; lastKnownFileType = sourcecode.c.h; path = threadmessage.h; sourceTree = "<group>"; };
		B68624E120452C3D00FE7C9D /* time.h */ = {isa = PBXFileReference; fileEncoding = 4; lastKnownFileType = sourcecode.c.h; path = time.h; sourceTree = "<group>"; };
		B68624E220452C3D00FE7C9D /* timecode.h */ = {isa = PBXFileReference; fileEncoding = 4; lastKnownFileType = sourcecode.c.h; path = timecode.h; sourceTree = "<group>"; };
		B68624E320452C3D00FE7C9D /* timestamp.h */ = {isa = PBXFileReference; fileEncoding = 4; lastKnownFileType = sourcecode.c.h; path = timestamp.h; sourceTree = "<group>"; };
		B68624E420452C3D00FE7C9D /* tree.h */ = {isa = PBXFileReference; fileEncoding = 4; lastKnownFileType = sourcecode.c.h; path = tree.h; sourceTree = "<group>"; };
		B68624E520452C3D00FE7C9D /* twofish.h */ = {isa = PBXFileReference; fileEncoding = 4; lastKnownFileType = sourcecode.c.h; path = twofish.h; sourceTree = "<group>"; };
		B68624E620452C3D00FE7C9D /* version.h */ = {isa = PBXFileReference; fileEncoding = 4; lastKnownFileType = sourcecode.c.h; path = version.h; sourceTree = "<group>"; };
		B68624E720452C3D00FE7C9D /* xtea.h */ = {isa = PBXFileReference; fileEncoding = 4; lastKnownFileType = sourcecode.c.h; path = xtea.h; sourceTree = "<group>"; };
		B68624E920452C3D00FE7C9D /* swresample.h */ = {isa = PBXFileReference; fileEncoding = 4; lastKnownFileType = sourcecode.c.h; path = swresample.h; sourceTree = "<group>"; };
		B68624EA20452C3D00FE7C9D /* version.h */ = {isa = PBXFileReference; fileEncoding = 4; lastKnownFileType = sourcecode.c.h; path = version.h; sourceTree = "<group>"; };
		B68624EC20452C3D00FE7C9D /* swscale.h */ = {isa = PBXFileReference; fileEncoding = 4; lastKnownFileType = sourcecode.c.h; path = swscale.h; sourceTree = "<group>"; };
		B68624ED20452C3D00FE7C9D /* version.h */ = {isa = PBXFileReference; fileEncoding = 4; lastKnownFileType = sourcecode.c.h; path = version.h; sourceTree = "<group>"; };
		B68624EF20452C3D00FE7C9D /* libavcodec.a */ = {isa = PBXFileReference; lastKnownFileType = archive.ar; path = libavcodec.a; sourceTree = "<group>"; };
		B68624F020452C3D00FE7C9D /* libavdevice.a */ = {isa = PBXFileReference; lastKnownFileType = archive.ar; path = libavdevice.a; sourceTree = "<group>"; };
		B68624F120452C3D00FE7C9D /* libavfilter.a */ = {isa = PBXFileReference; lastKnownFileType = archive.ar; path = libavfilter.a; sourceTree = "<group>"; };
		B68624F220452C3D00FE7C9D /* libavformat.a */ = {isa = PBXFileReference; lastKnownFileType = archive.ar; path = libavformat.a; sourceTree = "<group>"; };
		B68624F320452C3D00FE7C9D /* libavutil.a */ = {isa = PBXFileReference; lastKnownFileType = archive.ar; path = libavutil.a; sourceTree = "<group>"; };
		B68624F420452C3D00FE7C9D /* libswresample.a */ = {isa = PBXFileReference; lastKnownFileType = archive.ar; path = libswresample.a; sourceTree = "<group>"; };
		B68624F520452C3D00FE7C9D /* libswscale.a */ = {isa = PBXFileReference; lastKnownFileType = archive.ar; path = libswscale.a; sourceTree = "<group>"; };
		B68624FE204549FD00FE7C9D /* AudioToolbox.framework */ = {isa = PBXFileReference; lastKnownFileType = wrapper.framework; name = AudioToolbox.framework; path = System/Library/Frameworks/AudioToolbox.framework; sourceTree = SDKROOT; };
		B686250020454A0600FE7C9D /* AVFoundation.framework */ = {isa = PBXFileReference; lastKnownFileType = wrapper.framework; name = AVFoundation.framework; path = System/Library/Frameworks/AVFoundation.framework; sourceTree = SDKROOT; };
		B686250220454A0E00FE7C9D /* OpenGLES.framework */ = {isa = PBXFileReference; lastKnownFileType = wrapper.framework; name = OpenGLES.framework; path = System/Library/Frameworks/OpenGLES.framework; sourceTree = SDKROOT; };
		B686250420454A1700FE7C9D /* CoreImage.framework */ = {isa = PBXFileReference; lastKnownFileType = wrapper.framework; name = CoreImage.framework; path = System/Library/Frameworks/CoreImage.framework; sourceTree = SDKROOT; };
		B686250620454A1F00FE7C9D /* CoreGraphics.framework */ = {isa = PBXFileReference; lastKnownFileType = wrapper.framework; name = CoreGraphics.framework; path = System/Library/Frameworks/CoreGraphics.framework; sourceTree = SDKROOT; };
		B686250820454A2700FE7C9D /* CoreMedia.framework */ = {isa = PBXFileReference; lastKnownFileType = wrapper.framework; name = CoreMedia.framework; path = System/Library/Frameworks/CoreMedia.framework; sourceTree = SDKROOT; };
		B686250A20454A3400FE7C9D /* VideoToolbox.framework */ = {isa = PBXFileReference; lastKnownFileType = wrapper.framework; name = VideoToolbox.framework; path = System/Library/Frameworks/VideoToolbox.framework; sourceTree = SDKROOT; };
		B686250C20454A4200FE7C9D /* libz.tbd */ = {isa = PBXFileReference; lastKnownFileType = "sourcecode.text-based-dylib-definition"; name = libz.tbd; path = usr/lib/libz.tbd; sourceTree = SDKROOT; };
		B686250E20454A4D00FE7C9D /* libbz2.tbd */ = {isa = PBXFileReference; lastKnownFileType = "sourcecode.text-based-dylib-definition"; name = libbz2.tbd; path = usr/lib/libbz2.tbd; sourceTree = SDKROOT; };
		B686251020454A5700FE7C9D /* libiconv.tbd */ = {isa = PBXFileReference; lastKnownFileType = "sourcecode.text-based-dylib-definition"; name = libiconv.tbd; path = usr/lib/libiconv.tbd; sourceTree = SDKROOT; };
		B6B3EABD204FBA810050C67E /* TestOne.h */ = {isa = PBXFileReference; lastKnownFileType = sourcecode.c.h; path = TestOne.h; sourceTree = "<group>"; };
		B6B3EABE204FBA810050C67E /* TestOne.m */ = {isa = PBXFileReference; lastKnownFileType = sourcecode.c.objc; path = TestOne.m; sourceTree = "<group>"; };
		B6B3EAC0204FBBDE0050C67E /* test.mp4 */ = {isa = PBXFileReference; lastKnownFileType = file; path = test.mp4; sourceTree = "<group>"; };
		B706F3EC21C23CCB00E8F0DF /* FFmpegDecoder.h */ = {isa = PBXFileReference; lastKnownFileType = sourcecode.c.h; path = FFmpegDecoder.h; sourceTree = "<group>"; };
		B706F3ED21C23CCB00E8F0DF /* FFmpegDecoder.m */ = {isa = PBXFileReference; lastKnownFileType = sourcecode.c.objc; path = FFmpegDecoder.m; sourceTree = "<group>"; };
		B70B77EE218FE0C3005A5AC4 /* QQMusicCache-101786885-13-0.mp3 */ = {isa = PBXFileReference; lastKnownFileType = audio.mp3; path = "QQMusicCache-101786885-13-0.mp3"; sourceTree = "<group>"; };
		B70B77F1218FE44A005A5AC4 /* MAAudioFileStream.h */ = {isa = PBXFileReference; lastKnownFileType = sourcecode.c.h; path = MAAudioFileStream.h; sourceTree = "<group>"; };
		B70B77F2218FE44A005A5AC4 /* MAAudioFileStream.m */ = {isa = PBXFileReference; lastKnownFileType = sourcecode.c.objc; path = MAAudioFileStream.m; sourceTree = "<group>"; };
		B70B77F4219017BE005A5AC4 /* MAAudioViewController.h */ = {isa = PBXFileReference; lastKnownFileType = sourcecode.c.h; path = MAAudioViewController.h; sourceTree = "<group>"; };
		B70B77F5219017BE005A5AC4 /* MAAudioViewController.m */ = {isa = PBXFileReference; lastKnownFileType = sourcecode.c.objc; path = MAAudioViewController.m; sourceTree = "<group>"; };
		B70B77F721901866005A5AC4 /* MAAudioViewController.xib */ = {isa = PBXFileReference; fileEncoding = 4; lastKnownFileType = file.xib; path = MAAudioViewController.xib; sourceTree = "<group>"; };
		B71503CB2195602700FCCAE7 /* MAAudioBuffer.h */ = {isa = PBXFileReference; lastKnownFileType = sourcecode.c.h; path = MAAudioBuffer.h; sourceTree = "<group>"; };
		B71503CC2195602700FCCAE7 /* MAAudioBuffer.m */ = {isa = PBXFileReference; lastKnownFileType = sourcecode.c.objc; path = MAAudioBuffer.m; sourceTree = "<group>"; };
		B72CD6A921AD2D8D00438F90 /* OpenglView.h */ = {isa = PBXFileReference; lastKnownFileType = sourcecode.c.h; path = OpenglView.h; sourceTree = "<group>"; };
		B72CD6AA21AD2D8D00438F90 /* OpenglView.m */ = {isa = PBXFileReference; lastKnownFileType = sourcecode.c.objc; path = OpenglView.m; sourceTree = "<group>"; };
		B73A48C2214B8E4E006A8EF9 /* Decoder.h */ = {isa = PBXFileReference; lastKnownFileType = sourcecode.c.h; path = Decoder.h; sourceTree = "<group>"; };
		B73A48C3214B8E4E006A8EF9 /* Decoder.m */ = {isa = PBXFileReference; lastKnownFileType = sourcecode.c.objc; path = Decoder.m; sourceTree = "<group>"; };
		B7540B8F21D7499A00E1DD0A /* MAFrameBuffer.h */ = {isa = PBXFileReference; lastKnownFileType = sourcecode.c.h; path = MAFrameBuffer.h; sourceTree = "<group>"; };
		B7540B9021D7499A00E1DD0A /* MAFrameBuffer.m */ = {isa = PBXFileReference; lastKnownFileType = sourcecode.c.objc; path = MAFrameBuffer.m; sourceTree = "<group>"; };
		B75F040521917B5400A5877F /* MAAudioOutputQueue.h */ = {isa = PBXFileReference; lastKnownFileType = sourcecode.c.h; path = MAAudioOutputQueue.h; sourceTree = "<group>"; };
		B75F040621917B5400A5877F /* MAAudioOutputQueue.m */ = {isa = PBXFileReference; lastKnownFileType = sourcecode.c.objc; path = MAAudioOutputQueue.m; sourceTree = "<group>"; };
		B77004ED21CC87EA00651B86 /* VedioPlayerViewController.h */ = {isa = PBXFileReference; lastKnownFileType = sourcecode.c.h; path = VedioPlayerViewController.h; sourceTree = "<group>"; };
		B77004EE21CC87EA00651B86 /* VedioPlayerViewController.m */ = {isa = PBXFileReference; lastKnownFileType = sourcecode.c.objc; path = VedioPlayerViewController.m; sourceTree = "<group>"; };
		B77004F121CC88CA00651B86 /* video.mp4 */ = {isa = PBXFileReference; lastKnownFileType = file; path = video.mp4; sourceTree = "<group>"; };
		B77004F221CC88CA00651B86 /* icon_btn_back.png */ = {isa = PBXFileReference; lastKnownFileType = image.png; path = icon_btn_back.png; sourceTree = "<group>"; };
		B770F47721E5E6E800A65F73 /* MAPCMFrame.h */ = {isa = PBXFileReference; lastKnownFileType = sourcecode.c.h; path = MAPCMFrame.h; sourceTree = "<group>"; };
		B770F47821E5E6E800A65F73 /* MAPCMFrame.m */ = {isa = PBXFileReference; lastKnownFileType = sourcecode.c.objc; path = MAPCMFrame.m; sourceTree = "<group>"; };
		B776AEE121D350F1002C6ED2 /* MAVedioPlayer.h */ = {isa = PBXFileReference; lastKnownFileType = sourcecode.c.h; path = MAVedioPlayer.h; sourceTree = "<group>"; };
		B776AEE221D350F1002C6ED2 /* MAVedioPlayer.m */ = {isa = PBXFileReference; lastKnownFileType = sourcecode.c.objc; path = MAVedioPlayer.m; sourceTree = "<group>"; };
		B776AEE421D37556002C6ED2 /* MAPacket.h */ = {isa = PBXFileReference; lastKnownFileType = sourcecode.c.h; path = MAPacket.h; sourceTree = "<group>"; };
		B776AEE521D37556002C6ED2 /* MAPacket.m */ = {isa = PBXFileReference; lastKnownFileType = sourcecode.c.objc; path = MAPacket.m; sourceTree = "<group>"; };
		B78163EE21D5FB3200EDAC94 /* MAYUVFrame.h */ = {isa = PBXFileReference; lastKnownFileType = sourcecode.c.h; path = MAYUVFrame.h; sourceTree = "<group>"; };
		B78163EF21D5FB3200EDAC94 /* MAYUVFrame.m */ = {isa = PBXFileReference; lastKnownFileType = sourcecode.c.objc; path = MAYUVFrame.m; sourceTree = "<group>"; };
		B78163F121D6011500EDAC94 /* MAOpenglView.h */ = {isa = PBXFileReference; lastKnownFileType = sourcecode.c.h; path = MAOpenglView.h; sourceTree = "<group>"; };
		B78163F221D6011500EDAC94 /* MAOpenglView.m */ = {isa = PBXFileReference; lastKnownFileType = sourcecode.c.objc; path = MAOpenglView.m; sourceTree = "<group>"; };
		B79B9ABA21D4793400DDDF2D /* MAFrame.h */ = {isa = PBXFileReference; lastKnownFileType = sourcecode.c.h; path = MAFrame.h; sourceTree = "<group>"; };
		B79B9ABB21D4793400DDDF2D /* MAFrame.m */ = {isa = PBXFileReference; lastKnownFileType = sourcecode.c.objc; path = MAFrame.m; sourceTree = "<group>"; };
		B79F3F4621D2006F00066098 /* MAVedioPlayerViewController.h */ = {isa = PBXFileReference; lastKnownFileType = sourcecode.c.h; path = MAVedioPlayerViewController.h; sourceTree = "<group>"; };
		B79F3F4721D2006F00066098 /* MAVedioPlayerViewController.m */ = {isa = PBXFileReference; lastKnownFileType = sourcecode.c.objc; path = MAVedioPlayerViewController.m; sourceTree = "<group>"; };
		B7A4363E21E89213007A81E4 /* MAOutPutFrame.h */ = {isa = PBXFileReference; lastKnownFileType = sourcecode.c.h; path = MAOutPutFrame.h; sourceTree = "<group>"; };
		B7A4363F21E89213007A81E4 /* MAOutPutFrame.m */ = {isa = PBXFileReference; lastKnownFileType = sourcecode.c.objc; path = MAOutPutFrame.m; sourceTree = "<group>"; };
		B7B3118921DDA05E0088C746 /* MADecodeOperation.h */ = {isa = PBXFileReference; lastKnownFileType = sourcecode.c.h; path = MADecodeOperation.h; sourceTree = "<group>"; };
		B7B3118A21DDA05E0088C746 /* MADecodeOperation.m */ = {isa = PBXFileReference; lastKnownFileType = sourcecode.c.objc; path = MADecodeOperation.m; sourceTree = "<group>"; };
		B7BC4DE921D0C67700812FB2 /* MADecoder.h */ = {isa = PBXFileReference; lastKnownFileType = sourcecode.c.h; path = MADecoder.h; sourceTree = "<group>"; };
		B7BC4DEA21D0C67700812FB2 /* MADecoder.m */ = {isa = PBXFileReference; lastKnownFileType = sourcecode.c.objc; path = MADecoder.m; sourceTree = "<group>"; };
		B7CC2A9221636E4E00FEDD67 /* MCAudioFileStream.h */ = {isa = PBXFileReference; lastKnownFileType = sourcecode.c.h; path = MCAudioFileStream.h; sourceTree = "<group>"; };
		B7CC2A9321636E4E00FEDD67 /* MCAudioFileStream.m */ = {isa = PBXFileReference; lastKnownFileType = sourcecode.c.objc; path = MCAudioFileStream.m; sourceTree = "<group>"; };
		B7CC2A952165F5B300FEDD67 /* MCAudioOutputQueue.h */ = {isa = PBXFileReference; lastKnownFileType = sourcecode.c.h; path = MCAudioOutputQueue.h; sourceTree = "<group>"; };
		B7CC2A962165F5B300FEDD67 /* MCAudioOutputQueue.m */ = {isa = PBXFileReference; lastKnownFileType = sourcecode.c.objc; path = MCAudioOutputQueue.m; sourceTree = "<group>"; };
		B7CC2A982166420900FEDD67 /* MCAudioBuffer.h */ = {isa = PBXFileReference; lastKnownFileType = sourcecode.c.h; path = MCAudioBuffer.h; sourceTree = "<group>"; };
		B7CC2A992166420900FEDD67 /* MCAudioBuffer.m */ = {isa = PBXFileReference; lastKnownFileType = sourcecode.c.objc; path = MCAudioBuffer.m; sourceTree = "<group>"; };
		B7CC2A9B2166525100FEDD67 /* NSTimer+BlocksSupport.m */ = {isa = PBXFileReference; fileEncoding = 4; lastKnownFileType = sourcecode.c.objc; path = "NSTimer+BlocksSupport.m"; sourceTree = "<group>"; };
		B7CC2A9C2166525100FEDD67 /* NSTimer+BlocksSupport.h */ = {isa = PBXFileReference; fileEncoding = 4; lastKnownFileType = sourcecode.c.h; path = "NSTimer+BlocksSupport.h"; sourceTree = "<group>"; };
		B7CC2A9E216652AB00FEDD67 /* MCSimpleAudioPlayer.h */ = {isa = PBXFileReference; lastKnownFileType = sourcecode.c.h; path = MCSimpleAudioPlayer.h; sourceTree = "<group>"; };
		B7CC2A9F216652AB00FEDD67 /* MCSimpleAudioPlayer.m */ = {isa = PBXFileReference; lastKnownFileType = sourcecode.c.objc; path = MCSimpleAudioPlayer.m; sourceTree = "<group>"; };
		B7D060EA21E3317D00D3E10E /* MATimer.h */ = {isa = PBXFileReference; lastKnownFileType = sourcecode.c.h; path = MATimer.h; sourceTree = "<group>"; };
		B7D060EB21E3317D00D3E10E /* MATimer.m */ = {isa = PBXFileReference; lastKnownFileType = sourcecode.c.objc; path = MATimer.m; sourceTree = "<group>"; };
		B7D32AFD21605C5600E55325 /* MCAudioFile.h */ = {isa = PBXFileReference; lastKnownFileType = sourcecode.c.h; path = MCAudioFile.h; sourceTree = "<group>"; };
		B7D32AFE21605C5600E55325 /* MCAudioFile.m */ = {isa = PBXFileReference; lastKnownFileType = sourcecode.c.objc; path = MCAudioFile.m; sourceTree = "<group>"; };
		B7D39941217324FA00AF3DA8 /* ViewController.h */ = {isa = PBXFileReference; lastKnownFileType = sourcecode.c.h; path = ViewController.h; sourceTree = "<group>"; };
		B7D39942217324FA00AF3DA8 /* ViewController.m */ = {isa = PBXFileReference; lastKnownFileType = sourcecode.c.objc; path = ViewController.m; sourceTree = "<group>"; };
		B7D3994921732D9500AF3DA8 /* AudioViewController.h */ = {isa = PBXFileReference; lastKnownFileType = sourcecode.c.h; path = AudioViewController.h; sourceTree = "<group>"; };
		B7D3994A21732D9500AF3DA8 /* AudioViewController.m */ = {isa = PBXFileReference; lastKnownFileType = sourcecode.c.objc; path = AudioViewController.m; sourceTree = "<group>"; };
		B7D3994B21732D9500AF3DA8 /* AudioViewController.xib */ = {isa = PBXFileReference; lastKnownFileType = file.xib; path = AudioViewController.xib; sourceTree = "<group>"; };
		B7D3994E21732F2200AF3DA8 /* MP3Sample.mp3 */ = {isa = PBXFileReference; lastKnownFileType = audio.mp3; path = MP3Sample.mp3; sourceTree = "<group>"; };
		B7E5B3BC21B109220008D018 /* YUV_GL_DATA.h */ = {isa = PBXFileReference; fileEncoding = 4; lastKnownFileType = sourcecode.c.h; path = YUV_GL_DATA.h; sourceTree = "<group>"; };
		B7E5B3BD21B128770008D018 /* OpenalPlayer.h */ = {isa = PBXFileReference; lastKnownFileType = sourcecode.c.h; path = OpenalPlayer.h; sourceTree = "<group>"; };
		B7E5B3BE21B128770008D018 /* OpenalPlayer.m */ = {isa = PBXFileReference; lastKnownFileType = sourcecode.c.objc; path = OpenalPlayer.m; sourceTree = "<group>"; };
		B7E63E1E21C7947C00F0C3C0 /* XPlayer.h */ = {isa = PBXFileReference; lastKnownFileType = sourcecode.c.h; path = XPlayer.h; sourceTree = "<group>"; };
		B7E63E1F21C7947C00F0C3C0 /* XPlayer.m */ = {isa = PBXFileReference; lastKnownFileType = sourcecode.c.objc; path = XPlayer.m; sourceTree = "<group>"; };
		B7FBB5B521EC310800CAD766 /* MAOpenalPlayer.h */ = {isa = PBXFileReference; fileEncoding = 4; lastKnownFileType = sourcecode.c.h; path = MAOpenalPlayer.h; sourceTree = "<group>"; };
		B7FBB5B621EC310800CAD766 /* MAOpenalPlayer.m */ = {isa = PBXFileReference; fileEncoding = 4; lastKnownFileType = sourcecode.c.objc; path = MAOpenalPlayer.m; sourceTree = "<group>"; };
/* End PBXFileReference section */

/* Begin PBXFrameworksBuildPhase section */
		B68624542044E64200FE7C9D /* Frameworks */ = {
			isa = PBXFrameworksBuildPhase;
			buildActionMask = 2147483647;
			files = (
				B686251120454A5700FE7C9D /* libiconv.tbd in Frameworks */,
				B686250F20454A4D00FE7C9D /* libbz2.tbd in Frameworks */,
				B686250D20454A4200FE7C9D /* libz.tbd in Frameworks */,
				B686250B20454A3400FE7C9D /* VideoToolbox.framework in Frameworks */,
				B686250920454A2800FE7C9D /* CoreMedia.framework in Frameworks */,
				B686250720454A1F00FE7C9D /* CoreGraphics.framework in Frameworks */,
				B686250520454A1700FE7C9D /* CoreImage.framework in Frameworks */,
				B686250320454A0E00FE7C9D /* OpenGLES.framework in Frameworks */,
				B686250120454A0600FE7C9D /* AVFoundation.framework in Frameworks */,
				B68624FF204549FD00FE7C9D /* AudioToolbox.framework in Frameworks */,
				B68624FA20452C3D00FE7C9D /* libavutil.a in Frameworks */,
				B68624FC20452C3D00FE7C9D /* libswscale.a in Frameworks */,
				B68624F820452C3D00FE7C9D /* libavfilter.a in Frameworks */,
				B68624F720452C3D00FE7C9D /* libavdevice.a in Frameworks */,
				B68624F620452C3D00FE7C9D /* libavcodec.a in Frameworks */,
				B68624FB20452C3D00FE7C9D /* libswresample.a in Frameworks */,
				B68624F920452C3D00FE7C9D /* libavformat.a in Frameworks */,
			);
			runOnlyForDeploymentPostprocessing = 0;
		};
/* End PBXFrameworksBuildPhase section */

/* Begin PBXGroup section */
		B68320AF20467CEC00997396 /* Player */ = {
			isa = PBXGroup;
			children = (
				B68320B82046808E00997396 /* TextureOneViewController.h */,
				B68320B92046808E00997396 /* TextureOneViewController.m */,
				B68624702044EB8500FE7C9D /* MediaView.h */,
				B68624712044EB8500FE7C9D /* MediaView.m */,
				B68320B120467D1200997396 /* testImage.png */,
				B68320B320467D1200997396 /* TextureOneFragmentShader.glsl */,
				B68320B220467D1200997396 /* TextureOneVertexShader.glsl */,
				B68320B020467D1200997396 /* timg.jpeg */,
				B68320BB2046915A00997396 /* 123.jpg */,
			);
			path = Player;
			sourceTree = "<group>";
		};
		B686244E2044E64200FE7C9D = {
			isa = PBXGroup;
			children = (
				B686247820452C3D00FE7C9D /* FFmpeg-iOS */,
				B68624592044E64200FE7C9D /* PlayerTest */,
				B68624582044E64200FE7C9D /* Products */,
				B68624FD204549FD00FE7C9D /* Frameworks */,
			);
			sourceTree = "<group>";
		};
		B68624582044E64200FE7C9D /* Products */ = {
			isa = PBXGroup;
			children = (
				B68624572044E64200FE7C9D /* PlayerTest.app */,
			);
			name = Products;
			sourceTree = "<group>";
		};
		B68624592044E64200FE7C9D /* PlayerTest */ = {
			isa = PBXGroup;
			children = (
				B7BC4DE821D0C3A400812FB2 /* MAVedioPlayer */,
				B72CD6A821AD2CD900438F90 /* VedioPlayer */,
				B70B77F0218FE169005A5AC4 /* MAAudioPlayer */,
				B77BF064214F730200BFF176 /* AudioPlayer */,
				B68320AF20467CEC00997396 /* Player */,
				B686245A2044E64200FE7C9D /* AppDelegate.h */,
				B686245B2044E64200FE7C9D /* AppDelegate.m */,
				B7D39941217324FA00AF3DA8 /* ViewController.h */,
				B7D39942217324FA00AF3DA8 /* ViewController.m */,
				B686245D2044E64200FE7C9D /* VedioViewController.h */,
				B686245E2044E64200FE7C9D /* VedioViewController.m */,
				B686247520452AC600FE7C9D /* MovieObject.h */,
				B686247620452AC600FE7C9D /* MovieObject.m */,
				B67C3482205121F40044DFF1 /* TestMovie.h */,
				B67C3483205121F40044DFF1 /* TestMovie.m */,
				B6B3EABD204FBA810050C67E /* TestOne.h */,
				B6B3EABE204FBA810050C67E /* TestOne.m */,
				B73A48C2214B8E4E006A8EF9 /* Decoder.h */,
				B73A48C3214B8E4E006A8EF9 /* Decoder.m */,
				B68624602044E64200FE7C9D /* Main.storyboard */,
				B68624632044E64200FE7C9D /* Assets.xcassets */,
				B68624652044E64200FE7C9D /* LaunchScreen.storyboard */,
				B68624682044E64200FE7C9D /* Info.plist */,
				B68624692044E64200FE7C9D /* main.m */,
				B6B3EAC0204FBBDE0050C67E /* test.mp4 */,
			);
			path = PlayerTest;
			sourceTree = "<group>";
		};
		B686247820452C3D00FE7C9D /* FFmpeg-iOS */ = {
			isa = PBXGroup;
			children = (
				B686247920452C3D00FE7C9D /* include */,
				B68624EE20452C3D00FE7C9D /* lib */,
			);
			path = "FFmpeg-iOS";
			sourceTree = "<group>";
		};
		B686247920452C3D00FE7C9D /* include */ = {
			isa = PBXGroup;
			children = (
				B686247A20452C3D00FE7C9D /* libavcodec */,
				B686248C20452C3D00FE7C9D /* libavdevice */,
				B686248F20452C3D00FE7C9D /* libavfilter */,
				B686249520452C3D00FE7C9D /* libavformat */,
				B686249920452C3D00FE7C9D /* libavutil */,
				B68624E820452C3D00FE7C9D /* libswresample */,
				B68624EB20452C3D00FE7C9D /* libswscale */,
			);
			path = include;
			sourceTree = "<group>";
		};
		B686247A20452C3D00FE7C9D /* libavcodec */ = {
			isa = PBXGroup;
			children = (
				B686247B20452C3D00FE7C9D /* avcodec.h */,
				B686247C20452C3D00FE7C9D /* avdct.h */,
				B686247D20452C3D00FE7C9D /* avfft.h */,
				B686247E20452C3D00FE7C9D /* d3d11va.h */,
				B686247F20452C3D00FE7C9D /* dirac.h */,
				B686248020452C3D00FE7C9D /* dv_profile.h */,
				B686248120452C3D00FE7C9D /* dxva2.h */,
				B686248220452C3D00FE7C9D /* jni.h */,
				B686248320452C3D00FE7C9D /* mediacodec.h */,
				B686248420452C3D00FE7C9D /* qsv.h */,
				B686248520452C3D00FE7C9D /* vaapi.h */,
				B686248620452C3D00FE7C9D /* vda.h */,
				B686248720452C3D00FE7C9D /* vdpau.h */,
				B686248820452C3D00FE7C9D /* version.h */,
				B686248920452C3D00FE7C9D /* videotoolbox.h */,
				B686248A20452C3D00FE7C9D /* vorbis_parser.h */,
				B686248B20452C3D00FE7C9D /* xvmc.h */,
			);
			path = libavcodec;
			sourceTree = "<group>";
		};
		B686248C20452C3D00FE7C9D /* libavdevice */ = {
			isa = PBXGroup;
			children = (
				B686248D20452C3D00FE7C9D /* avdevice.h */,
				B686248E20452C3D00FE7C9D /* version.h */,
			);
			path = libavdevice;
			sourceTree = "<group>";
		};
		B686248F20452C3D00FE7C9D /* libavfilter */ = {
			isa = PBXGroup;
			children = (
				B686249020452C3D00FE7C9D /* avfilter.h */,
				B686249120452C3D00FE7C9D /* avfiltergraph.h */,
				B686249220452C3D00FE7C9D /* buffersink.h */,
				B686249320452C3D00FE7C9D /* buffersrc.h */,
				B686249420452C3D00FE7C9D /* version.h */,
			);
			path = libavfilter;
			sourceTree = "<group>";
		};
		B686249520452C3D00FE7C9D /* libavformat */ = {
			isa = PBXGroup;
			children = (
				B686249620452C3D00FE7C9D /* avformat.h */,
				B686249720452C3D00FE7C9D /* avio.h */,
				B686249820452C3D00FE7C9D /* version.h */,
			);
			path = libavformat;
			sourceTree = "<group>";
		};
		B686249920452C3D00FE7C9D /* libavutil */ = {
			isa = PBXGroup;
			children = (
				B686249A20452C3D00FE7C9D /* adler32.h */,
				B686249B20452C3D00FE7C9D /* aes.h */,
				B686249C20452C3D00FE7C9D /* aes_ctr.h */,
				B686249D20452C3D00FE7C9D /* attributes.h */,
				B686249E20452C3D00FE7C9D /* audio_fifo.h */,
				B686249F20452C3D00FE7C9D /* avassert.h */,
				B68624A020452C3D00FE7C9D /* avconfig.h */,
				B68624A120452C3D00FE7C9D /* avstring.h */,
				B68624A220452C3D00FE7C9D /* avutil.h */,
				B68624A320452C3D00FE7C9D /* base64.h */,
				B68624A420452C3D00FE7C9D /* blowfish.h */,
				B68624A520452C3D00FE7C9D /* bprint.h */,
				B68624A620452C3D00FE7C9D /* bswap.h */,
				B68624A720452C3D00FE7C9D /* buffer.h */,
				B68624A820452C3D00FE7C9D /* camellia.h */,
				B68624A920452C3D00FE7C9D /* cast5.h */,
				B68624AA20452C3D00FE7C9D /* channel_layout.h */,
				B68624AB20452C3D00FE7C9D /* common.h */,
				B68624AC20452C3D00FE7C9D /* cpu.h */,
				B68624AD20452C3D00FE7C9D /* crc.h */,
				B68624AE20452C3D00FE7C9D /* des.h */,
				B68624AF20452C3D00FE7C9D /* dict.h */,
				B68624B020452C3D00FE7C9D /* display.h */,
				B68624B120452C3D00FE7C9D /* downmix_info.h */,
				B68624B220452C3D00FE7C9D /* error.h */,
				B68624B320452C3D00FE7C9D /* eval.h */,
				B68624B420452C3D00FE7C9D /* ffversion.h */,
				B68624B520452C3D00FE7C9D /* fifo.h */,
				B68624B620452C3D00FE7C9D /* file.h */,
				B68624B720452C3D00FE7C9D /* frame.h */,
				B68624B820452C3D00FE7C9D /* hash.h */,
				B68624B920452C3D00FE7C9D /* hmac.h */,
				B68624BA20452C3D00FE7C9D /* hwcontext.h */,
				B68624BB20452C3D00FE7C9D /* hwcontext_cuda.h */,
				B68624BC20452C3D00FE7C9D /* hwcontext_d3d11va.h */,
				B68624BD20452C3D00FE7C9D /* hwcontext_drm.h */,
				B68624BE20452C3D00FE7C9D /* hwcontext_dxva2.h */,
				B68624BF20452C3D00FE7C9D /* hwcontext_qsv.h */,
				B68624C020452C3D00FE7C9D /* hwcontext_vaapi.h */,
				B68624C120452C3D00FE7C9D /* hwcontext_vdpau.h */,
				B68624C220452C3D00FE7C9D /* hwcontext_videotoolbox.h */,
				B68624C320452C3D00FE7C9D /* imgutils.h */,
				B68624C420452C3D00FE7C9D /* intfloat.h */,
				B68624C520452C3D00FE7C9D /* intreadwrite.h */,
				B68624C620452C3D00FE7C9D /* lfg.h */,
				B68624C720452C3D00FE7C9D /* log.h */,
				B68624C820452C3D00FE7C9D /* lzo.h */,
				B68624C920452C3D00FE7C9D /* macros.h */,
				B68624CA20452C3D00FE7C9D /* mastering_display_metadata.h */,
				B68624CB20452C3D00FE7C9D /* mathematics.h */,
				B68624CC20452C3D00FE7C9D /* md5.h */,
				B68624CD20452C3D00FE7C9D /* mem.h */,
				B68624CE20452C3D00FE7C9D /* motion_vector.h */,
				B68624CF20452C3D00FE7C9D /* murmur3.h */,
				B68624D020452C3D00FE7C9D /* opt.h */,
				B68624D120452C3D00FE7C9D /* parseutils.h */,
				B68624D220452C3D00FE7C9D /* pixdesc.h */,
				B68624D320452C3D00FE7C9D /* pixelutils.h */,
				B68624D420452C3D00FE7C9D /* pixfmt.h */,
				B68624D520452C3D00FE7C9D /* random_seed.h */,
				B68624D620452C3D00FE7C9D /* rational.h */,
				B68624D720452C3D00FE7C9D /* rc4.h */,
				B68624D820452C3D00FE7C9D /* replaygain.h */,
				B68624D920452C3D00FE7C9D /* ripemd.h */,
				B68624DA20452C3D00FE7C9D /* samplefmt.h */,
				B68624DB20452C3D00FE7C9D /* sha.h */,
				B68624DC20452C3D00FE7C9D /* sha512.h */,
				B68624DD20452C3D00FE7C9D /* spherical.h */,
				B68624DE20452C3D00FE7C9D /* stereo3d.h */,
				B68624DF20452C3D00FE7C9D /* tea.h */,
				B68624E020452C3D00FE7C9D /* threadmessage.h */,
				B68624E120452C3D00FE7C9D /* time.h */,
				B68624E220452C3D00FE7C9D /* timecode.h */,
				B68624E320452C3D00FE7C9D /* timestamp.h */,
				B68624E420452C3D00FE7C9D /* tree.h */,
				B68624E520452C3D00FE7C9D /* twofish.h */,
				B68624E620452C3D00FE7C9D /* version.h */,
				B68624E720452C3D00FE7C9D /* xtea.h */,
			);
			path = libavutil;
			sourceTree = "<group>";
		};
		B68624E820452C3D00FE7C9D /* libswresample */ = {
			isa = PBXGroup;
			children = (
				B68624E920452C3D00FE7C9D /* swresample.h */,
				B68624EA20452C3D00FE7C9D /* version.h */,
			);
			path = libswresample;
			sourceTree = "<group>";
		};
		B68624EB20452C3D00FE7C9D /* libswscale */ = {
			isa = PBXGroup;
			children = (
				B68624EC20452C3D00FE7C9D /* swscale.h */,
				B68624ED20452C3D00FE7C9D /* version.h */,
			);
			path = libswscale;
			sourceTree = "<group>";
		};
		B68624EE20452C3D00FE7C9D /* lib */ = {
			isa = PBXGroup;
			children = (
				B68624EF20452C3D00FE7C9D /* libavcodec.a */,
				B68624F020452C3D00FE7C9D /* libavdevice.a */,
				B68624F120452C3D00FE7C9D /* libavfilter.a */,
				B68624F220452C3D00FE7C9D /* libavformat.a */,
				B68624F320452C3D00FE7C9D /* libavutil.a */,
				B68624F420452C3D00FE7C9D /* libswresample.a */,
				B68624F520452C3D00FE7C9D /* libswscale.a */,
			);
			path = lib;
			sourceTree = "<group>";
		};
		B68624FD204549FD00FE7C9D /* Frameworks */ = {
			isa = PBXGroup;
			children = (
				B686251020454A5700FE7C9D /* libiconv.tbd */,
				B686250E20454A4D00FE7C9D /* libbz2.tbd */,
				B686250C20454A4200FE7C9D /* libz.tbd */,
				B686250A20454A3400FE7C9D /* VideoToolbox.framework */,
				B686250820454A2700FE7C9D /* CoreMedia.framework */,
				B686250620454A1F00FE7C9D /* CoreGraphics.framework */,
				B686250420454A1700FE7C9D /* CoreImage.framework */,
				B686250220454A0E00FE7C9D /* OpenGLES.framework */,
				B686250020454A0600FE7C9D /* AVFoundation.framework */,
				B68624FE204549FD00FE7C9D /* AudioToolbox.framework */,
			);
			name = Frameworks;
			sourceTree = "<group>";
		};
		B70B77F0218FE169005A5AC4 /* MAAudioPlayer */ = {
			isa = PBXGroup;
			children = (
				B70B77F1218FE44A005A5AC4 /* MAAudioFileStream.h */,
				B70B77F2218FE44A005A5AC4 /* MAAudioFileStream.m */,
				B75F040521917B5400A5877F /* MAAudioOutputQueue.h */,
				B75F040621917B5400A5877F /* MAAudioOutputQueue.m */,
				B71503CB2195602700FCCAE7 /* MAAudioBuffer.h */,
				B71503CC2195602700FCCAE7 /* MAAudioBuffer.m */,
				B70B77F4219017BE005A5AC4 /* MAAudioViewController.h */,
				B70B77F5219017BE005A5AC4 /* MAAudioViewController.m */,
				B70B77F721901866005A5AC4 /* MAAudioViewController.xib */,
			);
			path = MAAudioPlayer;
			sourceTree = "<group>";
		};
		B72CD6A821AD2CD900438F90 /* VedioPlayer */ = {
			isa = PBXGroup;
			children = (
				B77004F021CC88CA00651B86 /* resource */,
				B72CD6A921AD2D8D00438F90 /* OpenglView.h */,
				B72CD6AA21AD2D8D00438F90 /* OpenglView.m */,
				B7E5B3BC21B109220008D018 /* YUV_GL_DATA.h */,
				B7E5B3BD21B128770008D018 /* OpenalPlayer.h */,
				B7E5B3BE21B128770008D018 /* OpenalPlayer.m */,
				B706F3EC21C23CCB00E8F0DF /* FFmpegDecoder.h */,
				B706F3ED21C23CCB00E8F0DF /* FFmpegDecoder.m */,
				B7E63E1E21C7947C00F0C3C0 /* XPlayer.h */,
				B7E63E1F21C7947C00F0C3C0 /* XPlayer.m */,
				B77004ED21CC87EA00651B86 /* VedioPlayerViewController.h */,
				B77004EE21CC87EA00651B86 /* VedioPlayerViewController.m */,
			);
			path = VedioPlayer;
			sourceTree = "<group>";
		};
		B77004F021CC88CA00651B86 /* resource */ = {
			isa = PBXGroup;
			children = (
				B77004F121CC88CA00651B86 /* video.mp4 */,
				B77004F221CC88CA00651B86 /* icon_btn_back.png */,
			);
			path = resource;
			sourceTree = "<group>";
		};
		B77BF064214F730200BFF176 /* AudioPlayer */ = {
			isa = PBXGroup;
			children = (
				B70B77EE218FE0C3005A5AC4 /* QQMusicCache-101786885-13-0.mp3 */,
				B7D3994E21732F2200AF3DA8 /* MP3Sample.mp3 */,
				5ACC4D5F2158B45300B48C65 /* MCAudioSession.h */,
				5ACC4D602158B45300B48C65 /* MCAudioSession.m */,
				5A432C112158D5F100928592 /* MCParsedAudioData.h */,
				5A432C122158D5F100928592 /* MCParsedAudioData.m */,
				B7D32AFD21605C5600E55325 /* MCAudioFile.h */,
				B7D32AFE21605C5600E55325 /* MCAudioFile.m */,
				B7CC2A9221636E4E00FEDD67 /* MCAudioFileStream.h */,
				B7CC2A9321636E4E00FEDD67 /* MCAudioFileStream.m */,
				B7CC2A952165F5B300FEDD67 /* MCAudioOutputQueue.h */,
				B7CC2A962165F5B300FEDD67 /* MCAudioOutputQueue.m */,
				B7CC2A982166420900FEDD67 /* MCAudioBuffer.h */,
				B7CC2A992166420900FEDD67 /* MCAudioBuffer.m */,
				B7CC2A9E216652AB00FEDD67 /* MCSimpleAudioPlayer.h */,
				B7CC2A9F216652AB00FEDD67 /* MCSimpleAudioPlayer.m */,
				B7CC2A9C2166525100FEDD67 /* NSTimer+BlocksSupport.h */,
				B7CC2A9B2166525100FEDD67 /* NSTimer+BlocksSupport.m */,
				B7D3994921732D9500AF3DA8 /* AudioViewController.h */,
				B7D3994A21732D9500AF3DA8 /* AudioViewController.m */,
				B7D3994B21732D9500AF3DA8 /* AudioViewController.xib */,
			);
			path = AudioPlayer;
			sourceTree = "<group>";
		};
		B7BC4DE821D0C3A400812FB2 /* MAVedioPlayer */ = {
			isa = PBXGroup;
			children = (
				B7BC4DE921D0C67700812FB2 /* MADecoder.h */,
				B7BC4DEA21D0C67700812FB2 /* MADecoder.m */,
				B79F3F4621D2006F00066098 /* MAVedioPlayerViewController.h */,
				B79F3F4721D2006F00066098 /* MAVedioPlayerViewController.m */,
				B776AEE121D350F1002C6ED2 /* MAVedioPlayer.h */,
				B776AEE221D350F1002C6ED2 /* MAVedioPlayer.m */,
				B776AEE421D37556002C6ED2 /* MAPacket.h */,
				B776AEE521D37556002C6ED2 /* MAPacket.m */,
				B79B9ABA21D4793400DDDF2D /* MAFrame.h */,
				B79B9ABB21D4793400DDDF2D /* MAFrame.m */,
				B7A4363E21E89213007A81E4 /* MAOutPutFrame.h */,
				B7A4363F21E89213007A81E4 /* MAOutPutFrame.m */,
				B78163EE21D5FB3200EDAC94 /* MAYUVFrame.h */,
				B78163EF21D5FB3200EDAC94 /* MAYUVFrame.m */,
				B770F47721E5E6E800A65F73 /* MAPCMFrame.h */,
				B770F47821E5E6E800A65F73 /* MAPCMFrame.m */,
				B78163F121D6011500EDAC94 /* MAOpenglView.h */,
				B78163F221D6011500EDAC94 /* MAOpenglView.m */,
				B7540B8F21D7499A00E1DD0A /* MAFrameBuffer.h */,
				B7540B9021D7499A00E1DD0A /* MAFrameBuffer.m */,
				B7B3118921DDA05E0088C746 /* MADecodeOperation.h */,
				B7B3118A21DDA05E0088C746 /* MADecodeOperation.m */,
				B7D060EA21E3317D00D3E10E /* MATimer.h */,
				B7D060EB21E3317D00D3E10E /* MATimer.m */,
				B7FBB5B521EC310800CAD766 /* MAOpenalPlayer.h */,
				B7FBB5B621EC310800CAD766 /* MAOpenalPlayer.m */,
			);
			path = MAVedioPlayer;
			sourceTree = "<group>";
		};
/* End PBXGroup section */

/* Begin PBXNativeTarget section */
		B68624562044E64200FE7C9D /* PlayerTest */ = {
			isa = PBXNativeTarget;
			buildConfigurationList = B686246D2044E64200FE7C9D /* Build configuration list for PBXNativeTarget "PlayerTest" */;
			buildPhases = (
				B68624532044E64200FE7C9D /* Sources */,
				B68624542044E64200FE7C9D /* Frameworks */,
				B68624552044E64200FE7C9D /* Resources */,
			);
			buildRules = (
			);
			dependencies = (
			);
			name = PlayerTest;
			productName = PlayerTest;
			productReference = B68624572044E64200FE7C9D /* PlayerTest.app */;
			productType = "com.apple.product-type.application";
		};
/* End PBXNativeTarget section */

/* Begin PBXProject section */
		B686244F2044E64200FE7C9D /* Project object */ = {
			isa = PBXProject;
			attributes = {
				LastUpgradeCheck = 0920;
				ORGANIZATIONNAME = baiyang;
				TargetAttributes = {
					B68624562044E64200FE7C9D = {
						CreatedOnToolsVersion = 9.2;
						LastSwiftMigration = 1000;
						ProvisioningStyle = Automatic;
					};
				};
			};
			buildConfigurationList = B68624522044E64200FE7C9D /* Build configuration list for PBXProject "PlayerTest" */;
			compatibilityVersion = "Xcode 8.0";
			developmentRegion = en;
			hasScannedForEncodings = 0;
			knownRegions = (
				en,
				Base,
			);
			mainGroup = B686244E2044E64200FE7C9D;
			productRefGroup = B68624582044E64200FE7C9D /* Products */;
			projectDirPath = "";
			projectRoot = "";
			targets = (
				B68624562044E64200FE7C9D /* PlayerTest */,
			);
		};
/* End PBXProject section */

/* Begin PBXResourcesBuildPhase section */
		B68624552044E64200FE7C9D /* Resources */ = {
			isa = PBXResourcesBuildPhase;
			buildActionMask = 2147483647;
			files = (
				B68320B420467D1200997396 /* timg.jpeg in Resources */,
				B68320B620467D1200997396 /* TextureOneVertexShader.glsl in Resources */,
				B68320BC2046915A00997396 /* 123.jpg in Resources */,
				B70B77EF218FE0C4005A5AC4 /* QQMusicCache-101786885-13-0.mp3 in Resources */,
				B7D3994F21732F2200AF3DA8 /* MP3Sample.mp3 in Resources */,
				B68624672044E64200FE7C9D /* LaunchScreen.storyboard in Resources */,
				B70B77F821901866005A5AC4 /* MAAudioViewController.xib in Resources */,
				B68320B720467D1200997396 /* TextureOneFragmentShader.glsl in Resources */,
				B6B3EAC1204FBBDE0050C67E /* test.mp4 in Resources */,
				B68624642044E64200FE7C9D /* Assets.xcassets in Resources */,
				B7D3994D21732D9500AF3DA8 /* AudioViewController.xib in Resources */,
				B77004F421CC88CA00651B86 /* icon_btn_back.png in Resources */,
				B77004F321CC88CA00651B86 /* video.mp4 in Resources */,
				B68320B520467D1200997396 /* testImage.png in Resources */,
				B68624622044E64200FE7C9D /* Main.storyboard in Resources */,
			);
			runOnlyForDeploymentPostprocessing = 0;
		};
/* End PBXResourcesBuildPhase section */

/* Begin PBXSourcesBuildPhase section */
		B68624532044E64200FE7C9D /* Sources */ = {
			isa = PBXSourcesBuildPhase;
			buildActionMask = 2147483647;
			files = (
				B7D39943217324FA00AF3DA8 /* ViewController.m in Sources */,
				B770F47921E5E6E800A65F73 /* MAPCMFrame.m in Sources */,
				B7B3118B21DDA05E0088C746 /* MADecodeOperation.m in Sources */,
				B7BC4DEB21D0C67700812FB2 /* MADecoder.m in Sources */,
				B77004EF21CC87EA00651B86 /* VedioPlayerViewController.m in Sources */,
				5ACC4D612158B45300B48C65 /* MCAudioSession.m in Sources */,
				B686247720452AC600FE7C9D /* MovieObject.m in Sources */,
				B68320BA2046808E00997396 /* TextureOneViewController.m in Sources */,
				B7D060EC21E3317D00D3E10E /* MATimer.m in Sources */,
				B686245F2044E64200FE7C9D /* VedioViewController.m in Sources */,
				B79F3F4821D2006F00066098 /* MAVedioPlayerViewController.m in Sources */,
				B68624722044EB8500FE7C9D /* MediaView.m in Sources */,
				B71503CD2195602700FCCAE7 /* MAAudioBuffer.m in Sources */,
				B7E63E2021C7947C00F0C3C0 /* XPlayer.m in Sources */,
				B776AEE621D37556002C6ED2 /* MAPacket.m in Sources */,
				B706F3EE21C23CCB00E8F0DF /* FFmpegDecoder.m in Sources */,
				B72CD6AB21AD2D8D00438F90 /* OpenglView.m in Sources */,
				B70B77F6219017BE005A5AC4 /* MAAudioViewController.m in Sources */,
				B7CC2A9A2166420900FEDD67 /* MCAudioBuffer.m in Sources */,
				B686246A2044E64200FE7C9D /* main.m in Sources */,
				B7FBB5B721EC310800CAD766 /* MAOpenalPlayer.m in Sources */,
				B79B9ABC21D4793400DDDF2D /* MAFrame.m in Sources */,
				B78163F321D6011500EDAC94 /* MAOpenglView.m in Sources */,
				5A432C132158D5F100928592 /* MCParsedAudioData.m in Sources */,
				B7CC2A972165F5B300FEDD67 /* MCAudioOutputQueue.m in Sources */,
				B7CC2A9421636E4E00FEDD67 /* MCAudioFileStream.m in Sources */,
				B7CC2A9D2166525200FEDD67 /* NSTimer+BlocksSupport.m in Sources */,
				B7540B9121D7499A00E1DD0A /* MAFrameBuffer.m in Sources */,
				B73A48C4214B8E4E006A8EF9 /* Decoder.m in Sources */,
				B7A4364021E89213007A81E4 /* MAOutPutFrame.m in Sources */,
				B7D3994C21732D9500AF3DA8 /* AudioViewController.m in Sources */,
				B7D32AFF21605C5600E55325 /* MCAudioFile.m in Sources */,
				B6B3EABF204FBA810050C67E /* TestOne.m in Sources */,
				B7E5B3BF21B128770008D018 /* OpenalPlayer.m in Sources */,
				B776AEE321D350F1002C6ED2 /* MAVedioPlayer.m in Sources */,
				B78163F021D5FB3200EDAC94 /* MAYUVFrame.m in Sources */,
				B75F040721917B5400A5877F /* MAAudioOutputQueue.m in Sources */,
				B70B77F3218FE44A005A5AC4 /* MAAudioFileStream.m in Sources */,
				B67C3484205121F40044DFF1 /* TestMovie.m in Sources */,
				B686245C2044E64200FE7C9D /* AppDelegate.m in Sources */,
				B7CC2AA0216652AB00FEDD67 /* MCSimpleAudioPlayer.m in Sources */,
			);
			runOnlyForDeploymentPostprocessing = 0;
		};
/* End PBXSourcesBuildPhase section */

/* Begin PBXVariantGroup section */
		B68624602044E64200FE7C9D /* Main.storyboard */ = {
			isa = PBXVariantGroup;
			children = (
				B68624612044E64200FE7C9D /* Base */,
			);
			name = Main.storyboard;
			sourceTree = "<group>";
		};
		B68624652044E64200FE7C9D /* LaunchScreen.storyboard */ = {
			isa = PBXVariantGroup;
			children = (
				B68624662044E64200FE7C9D /* Base */,
			);
			name = LaunchScreen.storyboard;
			sourceTree = "<group>";
		};
/* End PBXVariantGroup section */

/* Begin XCBuildConfiguration section */
		B686246B2044E64200FE7C9D /* Debug */ = {
			isa = XCBuildConfiguration;
			buildSettings = {
				ALWAYS_SEARCH_USER_PATHS = NO;
				CLANG_ANALYZER_NONNULL = YES;
				CLANG_ANALYZER_NUMBER_OBJECT_CONVERSION = YES_AGGRESSIVE;
				CLANG_CXX_LANGUAGE_STANDARD = "gnu++14";
				CLANG_CXX_LIBRARY = "libc++";
				CLANG_ENABLE_MODULES = YES;
				CLANG_ENABLE_OBJC_ARC = YES;
				CLANG_WARN_BLOCK_CAPTURE_AUTORELEASING = YES;
				CLANG_WARN_BOOL_CONVERSION = YES;
				CLANG_WARN_COMMA = YES;
				CLANG_WARN_CONSTANT_CONVERSION = YES;
				CLANG_WARN_DIRECT_OBJC_ISA_USAGE = YES_ERROR;
				CLANG_WARN_DOCUMENTATION_COMMENTS = YES;
				CLANG_WARN_EMPTY_BODY = YES;
				CLANG_WARN_ENUM_CONVERSION = YES;
				CLANG_WARN_INFINITE_RECURSION = YES;
				CLANG_WARN_INT_CONVERSION = YES;
				CLANG_WARN_NON_LITERAL_NULL_CONVERSION = YES;
				CLANG_WARN_OBJC_LITERAL_CONVERSION = YES;
				CLANG_WARN_OBJC_ROOT_CLASS = YES_ERROR;
				CLANG_WARN_RANGE_LOOP_ANALYSIS = YES;
				CLANG_WARN_STRICT_PROTOTYPES = YES;
				CLANG_WARN_SUSPICIOUS_MOVE = YES;
				CLANG_WARN_UNGUARDED_AVAILABILITY = YES_AGGRESSIVE;
				CLANG_WARN_UNREACHABLE_CODE = YES;
				CLANG_WARN__DUPLICATE_METHOD_MATCH = YES;
				CODE_SIGN_IDENTITY = "iPhone Developer";
				COPY_PHASE_STRIP = NO;
				DEBUG_INFORMATION_FORMAT = dwarf;
				ENABLE_STRICT_OBJC_MSGSEND = YES;
				ENABLE_TESTABILITY = YES;
				GCC_C_LANGUAGE_STANDARD = gnu11;
				GCC_DYNAMIC_NO_PIC = NO;
				GCC_NO_COMMON_BLOCKS = YES;
				GCC_OPTIMIZATION_LEVEL = 0;
				GCC_PREPROCESSOR_DEFINITIONS = (
					"DEBUG=1",
					"$(inherited)",
				);
				GCC_WARN_64_TO_32_BIT_CONVERSION = YES;
				GCC_WARN_ABOUT_RETURN_TYPE = YES_ERROR;
				GCC_WARN_UNDECLARED_SELECTOR = YES;
				GCC_WARN_UNINITIALIZED_AUTOS = YES_AGGRESSIVE;
				GCC_WARN_UNUSED_FUNCTION = YES;
				GCC_WARN_UNUSED_VARIABLE = YES;
				IPHONEOS_DEPLOYMENT_TARGET = 11.2;
				MTL_ENABLE_DEBUG_INFO = YES;
				ONLY_ACTIVE_ARCH = YES;
				SDKROOT = iphoneos;
			};
			name = Debug;
		};
		B686246C2044E64200FE7C9D /* Release */ = {
			isa = XCBuildConfiguration;
			buildSettings = {
				ALWAYS_SEARCH_USER_PATHS = NO;
				CLANG_ANALYZER_NONNULL = YES;
				CLANG_ANALYZER_NUMBER_OBJECT_CONVERSION = YES_AGGRESSIVE;
				CLANG_CXX_LANGUAGE_STANDARD = "gnu++14";
				CLANG_CXX_LIBRARY = "libc++";
				CLANG_ENABLE_MODULES = YES;
				CLANG_ENABLE_OBJC_ARC = YES;
				CLANG_WARN_BLOCK_CAPTURE_AUTORELEASING = YES;
				CLANG_WARN_BOOL_CONVERSION = YES;
				CLANG_WARN_COMMA = YES;
				CLANG_WARN_CONSTANT_CONVERSION = YES;
				CLANG_WARN_DIRECT_OBJC_ISA_USAGE = YES_ERROR;
				CLANG_WARN_DOCUMENTATION_COMMENTS = YES;
				CLANG_WARN_EMPTY_BODY = YES;
				CLANG_WARN_ENUM_CONVERSION = YES;
				CLANG_WARN_INFINITE_RECURSION = YES;
				CLANG_WARN_INT_CONVERSION = YES;
				CLANG_WARN_NON_LITERAL_NULL_CONVERSION = YES;
				CLANG_WARN_OBJC_LITERAL_CONVERSION = YES;
				CLANG_WARN_OBJC_ROOT_CLASS = YES_ERROR;
				CLANG_WARN_RANGE_LOOP_ANALYSIS = YES;
				CLANG_WARN_STRICT_PROTOTYPES = YES;
				CLANG_WARN_SUSPICIOUS_MOVE = YES;
				CLANG_WARN_UNGUARDED_AVAILABILITY = YES_AGGRESSIVE;
				CLANG_WARN_UNREACHABLE_CODE = YES;
				CLANG_WARN__DUPLICATE_METHOD_MATCH = YES;
				CODE_SIGN_IDENTITY = "iPhone Developer";
				COPY_PHASE_STRIP = NO;
				DEBUG_INFORMATION_FORMAT = "dwarf-with-dsym";
				ENABLE_NS_ASSERTIONS = NO;
				ENABLE_STRICT_OBJC_MSGSEND = YES;
				GCC_C_LANGUAGE_STANDARD = gnu11;
				GCC_NO_COMMON_BLOCKS = YES;
				GCC_WARN_64_TO_32_BIT_CONVERSION = YES;
				GCC_WARN_ABOUT_RETURN_TYPE = YES_ERROR;
				GCC_WARN_UNDECLARED_SELECTOR = YES;
				GCC_WARN_UNINITIALIZED_AUTOS = YES_AGGRESSIVE;
				GCC_WARN_UNUSED_FUNCTION = YES;
				GCC_WARN_UNUSED_VARIABLE = YES;
				IPHONEOS_DEPLOYMENT_TARGET = 11.2;
				MTL_ENABLE_DEBUG_INFO = NO;
				SDKROOT = iphoneos;
				VALIDATE_PRODUCT = YES;
			};
			name = Release;
		};
		B686246E2044E64200FE7C9D /* Debug */ = {
			isa = XCBuildConfiguration;
			buildSettings = {
				ASSETCATALOG_COMPILER_APPICON_NAME = AppIcon;
				CLANG_ENABLE_MODULES = YES;
				CODE_SIGN_STYLE = Automatic;
				DEVELOPMENT_TEAM = B92585J9AE;
				HEADER_SEARCH_PATHS = "$(SRCROOT)/FFmpeg-iOS/include";
				INFOPLIST_FILE = PlayerTest/Info.plist;
				LD_RUNPATH_SEARCH_PATHS = "$(inherited) @executable_path/Frameworks";
				LIBRARY_SEARCH_PATHS = (
					"$(inherited)",
					"$(PROJECT_DIR)/FFmpeg-iOS/lib",
				);
				PRODUCT_BUNDLE_IDENTIFIER = com.mayinglun.test;
				PRODUCT_NAME = "$(TARGET_NAME)";
				SWIFT_OPTIMIZATION_LEVEL = "-Onone";
				SWIFT_VERSION = 4.2;
				TARGETED_DEVICE_FAMILY = "1,2";
			};
			name = Debug;
		};
		B686246F2044E64200FE7C9D /* Release */ = {
			isa = XCBuildConfiguration;
			buildSettings = {
				ASSETCATALOG_COMPILER_APPICON_NAME = AppIcon;
				CLANG_ENABLE_MODULES = YES;
				CODE_SIGN_STYLE = Automatic;
				DEVELOPMENT_TEAM = B92585J9AE;
				HEADER_SEARCH_PATHS = "$(SRCROOT)/FFmpeg-iOS/include";
				INFOPLIST_FILE = PlayerTest/Info.plist;
				LD_RUNPATH_SEARCH_PATHS = "$(inherited) @executable_path/Frameworks";
				LIBRARY_SEARCH_PATHS = (
					"$(inherited)",
					"$(PROJECT_DIR)/FFmpeg-iOS/lib",
				);
				PRODUCT_BUNDLE_IDENTIFIER = com.mayinglun.test;
				PRODUCT_NAME = "$(TARGET_NAME)";
				SWIFT_VERSION = 4.2;
				TARGETED_DEVICE_FAMILY = "1,2";
			};
			name = Release;
		};
/* End XCBuildConfiguration section */

/* Begin XCConfigurationList section */
		B68624522044E64200FE7C9D /* Build configuration list for PBXProject "PlayerTest" */ = {
			isa = XCConfigurationList;
			buildConfigurations = (
				B686246B2044E64200FE7C9D /* Debug */,
				B686246C2044E64200FE7C9D /* Release */,
			);
			defaultConfigurationIsVisible = 0;
			defaultConfigurationName = Release;
		};
		B686246D2044E64200FE7C9D /* Build configuration list for PBXNativeTarget "PlayerTest" */ = {
			isa = XCConfigurationList;
			buildConfigurations = (
				B686246E2044E64200FE7C9D /* Debug */,
				B686246F2044E64200FE7C9D /* Release */,
			);
			defaultConfigurationIsVisible = 0;
			defaultConfigurationName = Release;
		};
/* End XCConfigurationList section */
	};
	rootObject = B686244F2044E64200FE7C9D /* Project object */;
}
